// !$*UTF8*$!
{
	archiveVersion = 1;
	classes = {
	};
	objectVersion = 56;
	objects = {

/* Begin PBXBuildFile section */
		4848762CDB3E4920D25DAEF6 /* libPods-RnMUniverseTests.a in Frameworks */ = {isa = PBXBuildFile; fileRef = 5AAFBD1E925575276661D40D /* libPods-RnMUniverseTests.a */; };
		55F105132ADADA9000979F90 /* AppDelegate.swift in Sources */ = {isa = PBXBuildFile; fileRef = 55F105122ADADA9000979F90 /* AppDelegate.swift */; };
		55F105152ADADA9000979F90 /* SceneDelegate.swift in Sources */ = {isa = PBXBuildFile; fileRef = 55F105142ADADA9000979F90 /* SceneDelegate.swift */; };
		55F105172ADADA9000979F90 /* ViewController.swift in Sources */ = {isa = PBXBuildFile; fileRef = 55F105162ADADA9000979F90 /* ViewController.swift */; };
		55F1051A2ADADA9000979F90 /* Main.storyboard in Resources */ = {isa = PBXBuildFile; fileRef = 55F105182ADADA9000979F90 /* Main.storyboard */; };
		55F1051C2ADADA9100979F90 /* Assets.xcassets in Resources */ = {isa = PBXBuildFile; fileRef = 55F1051B2ADADA9100979F90 /* Assets.xcassets */; };
		55F1051F2ADADA9100979F90 /* LaunchScreen.storyboard in Resources */ = {isa = PBXBuildFile; fileRef = 55F1051D2ADADA9100979F90 /* LaunchScreen.storyboard */; };
		55F1052A2ADADA9100979F90 /* RnMUniverseTests.swift in Sources */ = {isa = PBXBuildFile; fileRef = 55F105292ADADA9100979F90 /* RnMUniverseTests.swift */; };
		55F105342ADADA9100979F90 /* RnMUniverseUITests.swift in Sources */ = {isa = PBXBuildFile; fileRef = 55F105332ADADA9100979F90 /* RnMUniverseUITests.swift */; };
		55F105362ADADA9100979F90 /* RnMUniverseUITestsLaunchTests.swift in Sources */ = {isa = PBXBuildFile; fileRef = 55F105352ADADA9100979F90 /* RnMUniverseUITestsLaunchTests.swift */; };
		D8358320EEE570A7927F7F36 /* libPods-RnMUniverse.a in Frameworks */ = {isa = PBXBuildFile; fileRef = 05171453F1D0C4D5A92B362B /* libPods-RnMUniverse.a */; };
/* End PBXBuildFile section */

/* Begin PBXContainerItemProxy section */
		55F105262ADADA9100979F90 /* PBXContainerItemProxy */ = {
			isa = PBXContainerItemProxy;
			containerPortal = 55F105072ADADA9000979F90 /* Project object */;
			proxyType = 1;
			remoteGlobalIDString = 55F1050E2ADADA9000979F90;
			remoteInfo = RnMUniverse;
		};
		55F105302ADADA9100979F90 /* PBXContainerItemProxy */ = {
			isa = PBXContainerItemProxy;
			containerPortal = 55F105072ADADA9000979F90 /* Project object */;
			proxyType = 1;
			remoteGlobalIDString = 55F1050E2ADADA9000979F90;
			remoteInfo = RnMUniverse;
		};
/* End PBXContainerItemProxy section */

/* Begin PBXFileReference section */
		05171453F1D0C4D5A92B362B /* libPods-RnMUniverse.a */ = {isa = PBXFileReference; explicitFileType = archive.ar; includeInIndex = 0; path = "libPods-RnMUniverse.a"; sourceTree = BUILT_PRODUCTS_DIR; };
		107E53013870D15C81E764C0 /* Pods-RnMUniverseTests.debug.xcconfig */ = {isa = PBXFileReference; includeInIndex = 1; lastKnownFileType = text.xcconfig; name = "Pods-RnMUniverseTests.debug.xcconfig"; path = "Target Support Files/Pods-RnMUniverseTests/Pods-RnMUniverseTests.debug.xcconfig"; sourceTree = "<group>"; };
		55F1050F2ADADA9000979F90 /* RnMUniverse.app */ = {isa = PBXFileReference; explicitFileType = wrapper.application; includeInIndex = 0; path = RnMUniverse.app; sourceTree = BUILT_PRODUCTS_DIR; };
		55F105122ADADA9000979F90 /* AppDelegate.swift */ = {isa = PBXFileReference; lastKnownFileType = sourcecode.swift; path = AppDelegate.swift; sourceTree = "<group>"; };
		55F105142ADADA9000979F90 /* SceneDelegate.swift */ = {isa = PBXFileReference; lastKnownFileType = sourcecode.swift; path = SceneDelegate.swift; sourceTree = "<group>"; };
		55F105162ADADA9000979F90 /* ViewController.swift */ = {isa = PBXFileReference; lastKnownFileType = sourcecode.swift; path = ViewController.swift; sourceTree = "<group>"; };
		55F105192ADADA9000979F90 /* Base */ = {isa = PBXFileReference; lastKnownFileType = file.storyboard; name = Base; path = Base.lproj/Main.storyboard; sourceTree = "<group>"; };
		55F1051B2ADADA9100979F90 /* Assets.xcassets */ = {isa = PBXFileReference; lastKnownFileType = folder.assetcatalog; path = Assets.xcassets; sourceTree = "<group>"; };
		55F1051E2ADADA9100979F90 /* Base */ = {isa = PBXFileReference; lastKnownFileType = file.storyboard; name = Base; path = Base.lproj/LaunchScreen.storyboard; sourceTree = "<group>"; };
		55F105202ADADA9100979F90 /* Info.plist */ = {isa = PBXFileReference; lastKnownFileType = text.plist.xml; path = Info.plist; sourceTree = "<group>"; };
		55F105252ADADA9100979F90 /* RnMUniverseTests.xctest */ = {isa = PBXFileReference; explicitFileType = wrapper.cfbundle; includeInIndex = 0; path = RnMUniverseTests.xctest; sourceTree = BUILT_PRODUCTS_DIR; };
		55F105292ADADA9100979F90 /* RnMUniverseTests.swift */ = {isa = PBXFileReference; lastKnownFileType = sourcecode.swift; path = RnMUniverseTests.swift; sourceTree = "<group>"; };
		55F1052F2ADADA9100979F90 /* RnMUniverseUITests.xctest */ = {isa = PBXFileReference; explicitFileType = wrapper.cfbundle; includeInIndex = 0; path = RnMUniverseUITests.xctest; sourceTree = BUILT_PRODUCTS_DIR; };
		55F105332ADADA9100979F90 /* RnMUniverseUITests.swift */ = {isa = PBXFileReference; lastKnownFileType = sourcecode.swift; path = RnMUniverseUITests.swift; sourceTree = "<group>"; };
		55F105352ADADA9100979F90 /* RnMUniverseUITestsLaunchTests.swift */ = {isa = PBXFileReference; lastKnownFileType = sourcecode.swift; path = RnMUniverseUITestsLaunchTests.swift; sourceTree = "<group>"; };
		5AAFBD1E925575276661D40D /* libPods-RnMUniverseTests.a */ = {isa = PBXFileReference; explicitFileType = archive.ar; includeInIndex = 0; path = "libPods-RnMUniverseTests.a"; sourceTree = BUILT_PRODUCTS_DIR; };
		92B90F3232B2A7183E8A9255 /* Pods-RnMUniverse.debug.xcconfig */ = {isa = PBXFileReference; includeInIndex = 1; lastKnownFileType = text.xcconfig; name = "Pods-RnMUniverse.debug.xcconfig"; path = "Target Support Files/Pods-RnMUniverse/Pods-RnMUniverse.debug.xcconfig"; sourceTree = "<group>"; };
		C36C385744925B9F2638AAD4 /* Pods-RnMUniverse.release.xcconfig */ = {isa = PBXFileReference; includeInIndex = 1; lastKnownFileType = text.xcconfig; name = "Pods-RnMUniverse.release.xcconfig"; path = "Target Support Files/Pods-RnMUniverse/Pods-RnMUniverse.release.xcconfig"; sourceTree = "<group>"; };
		E481288E4E8CE98766D0743A /* Pods-RnMUniverseTests.release.xcconfig */ = {isa = PBXFileReference; includeInIndex = 1; lastKnownFileType = text.xcconfig; name = "Pods-RnMUniverseTests.release.xcconfig"; path = "Target Support Files/Pods-RnMUniverseTests/Pods-RnMUniverseTests.release.xcconfig"; sourceTree = "<group>"; };
/* End PBXFileReference section */

/* Begin PBXFrameworksBuildPhase section */
		55F1050C2ADADA9000979F90 /* Frameworks */ = {
			isa = PBXFrameworksBuildPhase;
			buildActionMask = 2147483647;
			files = (
				D8358320EEE570A7927F7F36 /* libPods-RnMUniverse.a in Frameworks */,
			);
			runOnlyForDeploymentPostprocessing = 0;
		};
		55F105222ADADA9100979F90 /* Frameworks */ = {
			isa = PBXFrameworksBuildPhase;
			buildActionMask = 2147483647;
			files = (
				4848762CDB3E4920D25DAEF6 /* libPods-RnMUniverseTests.a in Frameworks */,
			);
			runOnlyForDeploymentPostprocessing = 0;
		};
		55F1052C2ADADA9100979F90 /* Frameworks */ = {
			isa = PBXFrameworksBuildPhase;
			buildActionMask = 2147483647;
			files = (
			);
			runOnlyForDeploymentPostprocessing = 0;
		};
/* End PBXFrameworksBuildPhase section */

/* Begin PBXGroup section */
		004C0D58DD9E691C704A0030 /* Pods */ = {
			isa = PBXGroup;
			children = (
				92B90F3232B2A7183E8A9255 /* Pods-RnMUniverse.debug.xcconfig */,
				C36C385744925B9F2638AAD4 /* Pods-RnMUniverse.release.xcconfig */,
				107E53013870D15C81E764C0 /* Pods-RnMUniverseTests.debug.xcconfig */,
				E481288E4E8CE98766D0743A /* Pods-RnMUniverseTests.release.xcconfig */,
			);
			path = Pods;
			sourceTree = "<group>";
		};
		55F105062ADADA9000979F90 = {
			isa = PBXGroup;
			children = (
				55F105112ADADA9000979F90 /* RnMUniverse */,
				55F105282ADADA9100979F90 /* RnMUniverseTests */,
				55F105322ADADA9100979F90 /* RnMUniverseUITests */,
				55F105102ADADA9000979F90 /* Products */,
				004C0D58DD9E691C704A0030 /* Pods */,
				F9A001B80B7F7468AFF2F422 /* Frameworks */,
			);
			sourceTree = "<group>";
		};
		55F105102ADADA9000979F90 /* Products */ = {
			isa = PBXGroup;
			children = (
				55F1050F2ADADA9000979F90 /* RnMUniverse.app */,
				55F105252ADADA9100979F90 /* RnMUniverseTests.xctest */,
				55F1052F2ADADA9100979F90 /* RnMUniverseUITests.xctest */,
			);
			name = Products;
			sourceTree = "<group>";
		};
		55F105112ADADA9000979F90 /* RnMUniverse */ = {
			isa = PBXGroup;
			children = (
				55F105442ADAE03200979F90 /* SupportingFiles */,
				55F105432ADAE01600979F90 /* Resources */,
				55F105422ADAE00100979F90 /* Sources */,
			);
			path = RnMUniverse;
			sourceTree = "<group>";
		};
		55F105282ADADA9100979F90 /* RnMUniverseTests */ = {
			isa = PBXGroup;
			children = (
				55F105292ADADA9100979F90 /* RnMUniverseTests.swift */,
			);
			path = RnMUniverseTests;
			sourceTree = "<group>";
		};
		55F105322ADADA9100979F90 /* RnMUniverseUITests */ = {
			isa = PBXGroup;
			children = (
				55F105332ADADA9100979F90 /* RnMUniverseUITests.swift */,
				55F105352ADADA9100979F90 /* RnMUniverseUITestsLaunchTests.swift */,
			);
			path = RnMUniverseUITests;
			sourceTree = "<group>";
		};
		55F105422ADAE00100979F90 /* Sources */ = {
			isa = PBXGroup;
			children = (
				55F105472ADAE07C00979F90 /* Controller */,
				55F1054B2ADAE0A200979F90 /* DataSource */,
				55F1054A2ADAE09600979F90 /* Extension */,
				55F105482ADAE08500979F90 /* Model */,
				55F105492ADAE08F00979F90 /* ViewModel */,
			);
			path = Sources;
			sourceTree = "<group>";
		};
		55F105432ADAE01600979F90 /* Resources */ = {
			isa = PBXGroup;
			children = (
				55F105452ADAE04D00979F90 /* Media */,
				55F105462ADAE05300979F90 /* UI */,
			);
			path = Resources;
			sourceTree = "<group>";
		};
		55F105442ADAE03200979F90 /* SupportingFiles */ = {
			isa = PBXGroup;
			children = (
				55F105122ADADA9000979F90 /* AppDelegate.swift */,
				55F105202ADADA9100979F90 /* Info.plist */,
				55F105142ADADA9000979F90 /* SceneDelegate.swift */,
			);
			path = SupportingFiles;
			sourceTree = "<group>";
		};
		55F105452ADAE04D00979F90 /* Media */ = {
			isa = PBXGroup;
			children = (
				55F1051B2ADADA9100979F90 /* Assets.xcassets */,
			);
			path = Media;
			sourceTree = "<group>";
		};
		55F105462ADAE05300979F90 /* UI */ = {
			isa = PBXGroup;
			children = (
				55F1051D2ADADA9100979F90 /* LaunchScreen.storyboard */,
				55F105182ADADA9000979F90 /* Main.storyboard */,
			);
			path = UI;
			sourceTree = "<group>";
		};
		55F105472ADAE07C00979F90 /* Controller */ = {
			isa = PBXGroup;
			children = (
				55F105162ADADA9000979F90 /* ViewController.swift */,
			);
			path = Controller;
			sourceTree = "<group>";
		};
		55F105482ADAE08500979F90 /* Model */ = {
			isa = PBXGroup;
			children = (
			);
			path = Model;
			sourceTree = "<group>";
		};
		55F105492ADAE08F00979F90 /* ViewModel */ = {
			isa = PBXGroup;
			children = (
			);
			path = ViewModel;
			sourceTree = "<group>";
		};
		55F1054A2ADAE09600979F90 /* Extension */ = {
			isa = PBXGroup;
			children = (
			);
			path = Extension;
			sourceTree = "<group>";
		};
		55F1054B2ADAE0A200979F90 /* DataSource */ = {
			isa = PBXGroup;
			children = (
			);
			path = DataSource;
			sourceTree = "<group>";
		};
		F9A001B80B7F7468AFF2F422 /* Frameworks */ = {
			isa = PBXGroup;
			children = (
				05171453F1D0C4D5A92B362B /* libPods-RnMUniverse.a */,
				5AAFBD1E925575276661D40D /* libPods-RnMUniverseTests.a */,
			);
			name = Frameworks;
			sourceTree = "<group>";
		};
/* End PBXGroup section */

/* Begin PBXNativeTarget section */
		55F1050E2ADADA9000979F90 /* RnMUniverse */ = {
			isa = PBXNativeTarget;
			buildConfigurationList = 55F105392ADADA9200979F90 /* Build configuration list for PBXNativeTarget "RnMUniverse" */;
			buildPhases = (
				6F05EEC8FE3A1F10590D97AA /* [CP] Check Pods Manifest.lock */,
				55F1050B2ADADA9000979F90 /* Sources */,
				55F1050C2ADADA9000979F90 /* Frameworks */,
				55F1050D2ADADA9000979F90 /* Resources */,
			);
			buildRules = (
			);
			dependencies = (
			);
			name = RnMUniverse;
			productName = RnMUniverse;
			productReference = 55F1050F2ADADA9000979F90 /* RnMUniverse.app */;
			productType = "com.apple.product-type.application";
		};
		55F105242ADADA9100979F90 /* RnMUniverseTests */ = {
			isa = PBXNativeTarget;
			buildConfigurationList = 55F1053C2ADADA9200979F90 /* Build configuration list for PBXNativeTarget "RnMUniverseTests" */;
			buildPhases = (
				2687FBF476077E2B2A0F1FC7 /* [CP] Check Pods Manifest.lock */,
				55F105212ADADA9100979F90 /* Sources */,
				55F105222ADADA9100979F90 /* Frameworks */,
				55F105232ADADA9100979F90 /* Resources */,
			);
			buildRules = (
			);
			dependencies = (
				55F105272ADADA9100979F90 /* PBXTargetDependency */,
			);
			name = RnMUniverseTests;
			productName = RnMUniverseTests;
			productReference = 55F105252ADADA9100979F90 /* RnMUniverseTests.xctest */;
			productType = "com.apple.product-type.bundle.unit-test";
		};
		55F1052E2ADADA9100979F90 /* RnMUniverseUITests */ = {
			isa = PBXNativeTarget;
			buildConfigurationList = 55F1053F2ADADA9200979F90 /* Build configuration list for PBXNativeTarget "RnMUniverseUITests" */;
			buildPhases = (
				55F1052B2ADADA9100979F90 /* Sources */,
				55F1052C2ADADA9100979F90 /* Frameworks */,
				55F1052D2ADADA9100979F90 /* Resources */,
			);
			buildRules = (
			);
			dependencies = (
				55F105312ADADA9100979F90 /* PBXTargetDependency */,
			);
			name = RnMUniverseUITests;
			productName = RnMUniverseUITests;
			productReference = 55F1052F2ADADA9100979F90 /* RnMUniverseUITests.xctest */;
			productType = "com.apple.product-type.bundle.ui-testing";
		};
/* End PBXNativeTarget section */

/* Begin PBXProject section */
		55F105072ADADA9000979F90 /* Project object */ = {
			isa = PBXProject;
			attributes = {
				BuildIndependentTargetsInParallel = 1;
				LastSwiftUpdateCheck = 1500;
				LastUpgradeCheck = 1500;
				TargetAttributes = {
					55F1050E2ADADA9000979F90 = {
						CreatedOnToolsVersion = 15.0;
					};
					55F105242ADADA9100979F90 = {
						CreatedOnToolsVersion = 15.0;
						TestTargetID = 55F1050E2ADADA9000979F90;
					};
					55F1052E2ADADA9100979F90 = {
						CreatedOnToolsVersion = 15.0;
						TestTargetID = 55F1050E2ADADA9000979F90;
					};
				};
			};
			buildConfigurationList = 55F1050A2ADADA9000979F90 /* Build configuration list for PBXProject "RnMUniverse" */;
			compatibilityVersion = "Xcode 14.0";
			developmentRegion = en;
			hasScannedForEncodings = 0;
			knownRegions = (
				en,
				Base,
			);
			mainGroup = 55F105062ADADA9000979F90;
			productRefGroup = 55F105102ADADA9000979F90 /* Products */;
			projectDirPath = "";
			projectRoot = "";
			targets = (
				55F1050E2ADADA9000979F90 /* RnMUniverse */,
				55F105242ADADA9100979F90 /* RnMUniverseTests */,
				55F1052E2ADADA9100979F90 /* RnMUniverseUITests */,
			);
		};
/* End PBXProject section */

/* Begin PBXResourcesBuildPhase section */
		55F1050D2ADADA9000979F90 /* Resources */ = {
			isa = PBXResourcesBuildPhase;
			buildActionMask = 2147483647;
			files = (
				55F1051F2ADADA9100979F90 /* LaunchScreen.storyboard in Resources */,
				55F1051C2ADADA9100979F90 /* Assets.xcassets in Resources */,
				55F1051A2ADADA9000979F90 /* Main.storyboard in Resources */,
			);
			runOnlyForDeploymentPostprocessing = 0;
		};
		55F105232ADADA9100979F90 /* Resources */ = {
			isa = PBXResourcesBuildPhase;
			buildActionMask = 2147483647;
			files = (
			);
			runOnlyForDeploymentPostprocessing = 0;
		};
		55F1052D2ADADA9100979F90 /* Resources */ = {
			isa = PBXResourcesBuildPhase;
			buildActionMask = 2147483647;
			files = (
			);
			runOnlyForDeploymentPostprocessing = 0;
		};
/* End PBXResourcesBuildPhase section */

/* Begin PBXShellScriptBuildPhase section */
		2687FBF476077E2B2A0F1FC7 /* [CP] Check Pods Manifest.lock */ = {
			isa = PBXShellScriptBuildPhase;
			buildActionMask = 2147483647;
			files = (
			);
			inputFileListPaths = (
			);
			inputPaths = (
				"${PODS_PODFILE_DIR_PATH}/Podfile.lock",
				"${PODS_ROOT}/Manifest.lock",
			);
			name = "[CP] Check Pods Manifest.lock";
			outputFileListPaths = (
			);
			outputPaths = (
				"$(DERIVED_FILE_DIR)/Pods-RnMUniverseTests-checkManifestLockResult.txt",
			);
			runOnlyForDeploymentPostprocessing = 0;
			shellPath = /bin/sh;
			shellScript = "diff \"${PODS_PODFILE_DIR_PATH}/Podfile.lock\" \"${PODS_ROOT}/Manifest.lock\" > /dev/null\nif [ $? != 0 ] ; then\n    # print error to STDERR\n    echo \"error: The sandbox is not in sync with the Podfile.lock. Run 'pod install' or update your CocoaPods installation.\" >&2\n    exit 1\nfi\n# This output is used by Xcode 'outputs' to avoid re-running this script phase.\necho \"SUCCESS\" > \"${SCRIPT_OUTPUT_FILE_0}\"\n";
			showEnvVarsInLog = 0;
		};
		6F05EEC8FE3A1F10590D97AA /* [CP] Check Pods Manifest.lock */ = {
			isa = PBXShellScriptBuildPhase;
			buildActionMask = 2147483647;
			files = (
			);
			inputFileListPaths = (
			);
			inputPaths = (
				"${PODS_PODFILE_DIR_PATH}/Podfile.lock",
				"${PODS_ROOT}/Manifest.lock",
			);
			name = "[CP] Check Pods Manifest.lock";
			outputFileListPaths = (
			);
			outputPaths = (
				"$(DERIVED_FILE_DIR)/Pods-RnMUniverse-checkManifestLockResult.txt",
			);
			runOnlyForDeploymentPostprocessing = 0;
			shellPath = /bin/sh;
			shellScript = "diff \"${PODS_PODFILE_DIR_PATH}/Podfile.lock\" \"${PODS_ROOT}/Manifest.lock\" > /dev/null\nif [ $? != 0 ] ; then\n    # print error to STDERR\n    echo \"error: The sandbox is not in sync with the Podfile.lock. Run 'pod install' or update your CocoaPods installation.\" >&2\n    exit 1\nfi\n# This output is used by Xcode 'outputs' to avoid re-running this script phase.\necho \"SUCCESS\" > \"${SCRIPT_OUTPUT_FILE_0}\"\n";
			showEnvVarsInLog = 0;
		};
/* End PBXShellScriptBuildPhase section */

/* Begin PBXSourcesBuildPhase section */
		55F1050B2ADADA9000979F90 /* Sources */ = {
			isa = PBXSourcesBuildPhase;
			buildActionMask = 2147483647;
			files = (
				55F105172ADADA9000979F90 /* ViewController.swift in Sources */,
				55F105132ADADA9000979F90 /* AppDelegate.swift in Sources */,
				55F105152ADADA9000979F90 /* SceneDelegate.swift in Sources */,
			);
			runOnlyForDeploymentPostprocessing = 0;
		};
		55F105212ADADA9100979F90 /* Sources */ = {
			isa = PBXSourcesBuildPhase;
			buildActionMask = 2147483647;
			files = (
				55F1052A2ADADA9100979F90 /* RnMUniverseTests.swift in Sources */,
			);
			runOnlyForDeploymentPostprocessing = 0;
		};
		55F1052B2ADADA9100979F90 /* Sources */ = {
			isa = PBXSourcesBuildPhase;
			buildActionMask = 2147483647;
			files = (
				55F105342ADADA9100979F90 /* RnMUniverseUITests.swift in Sources */,
				55F105362ADADA9100979F90 /* RnMUniverseUITestsLaunchTests.swift in Sources */,
			);
			runOnlyForDeploymentPostprocessing = 0;
		};
/* End PBXSourcesBuildPhase section */

/* Begin PBXTargetDependency section */
		55F105272ADADA9100979F90 /* PBXTargetDependency */ = {
			isa = PBXTargetDependency;
			target = 55F1050E2ADADA9000979F90 /* RnMUniverse */;
			targetProxy = 55F105262ADADA9100979F90 /* PBXContainerItemProxy */;
		};
		55F105312ADADA9100979F90 /* PBXTargetDependency */ = {
			isa = PBXTargetDependency;
			target = 55F1050E2ADADA9000979F90 /* RnMUniverse */;
			targetProxy = 55F105302ADADA9100979F90 /* PBXContainerItemProxy */;
		};
/* End PBXTargetDependency section */

/* Begin PBXVariantGroup section */
		55F105182ADADA9000979F90 /* Main.storyboard */ = {
			isa = PBXVariantGroup;
			children = (
				55F105192ADADA9000979F90 /* Base */,
			);
			name = Main.storyboard;
			sourceTree = "<group>";
		};
		55F1051D2ADADA9100979F90 /* LaunchScreen.storyboard */ = {
			isa = PBXVariantGroup;
			children = (
				55F1051E2ADADA9100979F90 /* Base */,
			);
			name = LaunchScreen.storyboard;
			sourceTree = "<group>";
		};
/* End PBXVariantGroup section */

/* Begin XCBuildConfiguration section */
		55F105372ADADA9200979F90 /* Debug */ = {
			isa = XCBuildConfiguration;
			buildSettings = {
				ALWAYS_SEARCH_USER_PATHS = NO;
				ASSETCATALOG_COMPILER_GENERATE_SWIFT_ASSET_SYMBOL_EXTENSIONS = YES;
				CLANG_ANALYZER_NONNULL = YES;
				CLANG_ANALYZER_NUMBER_OBJECT_CONVERSION = YES_AGGRESSIVE;
				CLANG_CXX_LANGUAGE_STANDARD = "gnu++20";
				CLANG_ENABLE_MODULES = YES;
				CLANG_ENABLE_OBJC_ARC = YES;
				CLANG_ENABLE_OBJC_WEAK = YES;
				CLANG_WARN_BLOCK_CAPTURE_AUTORELEASING = YES;
				CLANG_WARN_BOOL_CONVERSION = YES;
				CLANG_WARN_COMMA = YES;
				CLANG_WARN_CONSTANT_CONVERSION = YES;
				CLANG_WARN_DEPRECATED_OBJC_IMPLEMENTATIONS = YES;
				CLANG_WARN_DIRECT_OBJC_ISA_USAGE = YES_ERROR;
				CLANG_WARN_DOCUMENTATION_COMMENTS = YES;
				CLANG_WARN_EMPTY_BODY = YES;
				CLANG_WARN_ENUM_CONVERSION = YES;
				CLANG_WARN_INFINITE_RECURSION = YES;
				CLANG_WARN_INT_CONVERSION = YES;
				CLANG_WARN_NON_LITERAL_NULL_CONVERSION = YES;
				CLANG_WARN_OBJC_IMPLICIT_RETAIN_SELF = YES;
				CLANG_WARN_OBJC_LITERAL_CONVERSION = YES;
				CLANG_WARN_OBJC_ROOT_CLASS = YES_ERROR;
				CLANG_WARN_QUOTED_INCLUDE_IN_FRAMEWORK_HEADER = YES;
				CLANG_WARN_RANGE_LOOP_ANALYSIS = YES;
				CLANG_WARN_STRICT_PROTOTYPES = YES;
				CLANG_WARN_SUSPICIOUS_MOVE = YES;
				CLANG_WARN_UNGUARDED_AVAILABILITY = YES_AGGRESSIVE;
				CLANG_WARN_UNREACHABLE_CODE = YES;
				CLANG_WARN__DUPLICATE_METHOD_MATCH = YES;
				COPY_PHASE_STRIP = NO;
				DEBUG_INFORMATION_FORMAT = dwarf;
				ENABLE_STRICT_OBJC_MSGSEND = YES;
				ENABLE_TESTABILITY = YES;
				ENABLE_USER_SCRIPT_SANDBOXING = YES;
				GCC_C_LANGUAGE_STANDARD = gnu17;
				GCC_DYNAMIC_NO_PIC = NO;
				GCC_NO_COMMON_BLOCKS = YES;
				GCC_OPTIMIZATION_LEVEL = 0;
				GCC_PREPROCESSOR_DEFINITIONS = (
					"DEBUG=1",
					"$(inherited)",
				);
				GCC_WARN_64_TO_32_BIT_CONVERSION = YES;
				GCC_WARN_ABOUT_RETURN_TYPE = YES_ERROR;
				GCC_WARN_UNDECLARED_SELECTOR = YES;
				GCC_WARN_UNINITIALIZED_AUTOS = YES_AGGRESSIVE;
				GCC_WARN_UNUSED_FUNCTION = YES;
				GCC_WARN_UNUSED_VARIABLE = YES;
				IPHONEOS_DEPLOYMENT_TARGET = 17.0;
				LOCALIZATION_PREFERS_STRING_CATALOGS = YES;
				MTL_ENABLE_DEBUG_INFO = INCLUDE_SOURCE;
				MTL_FAST_MATH = YES;
				ONLY_ACTIVE_ARCH = YES;
				SDKROOT = iphoneos;
				SWIFT_ACTIVE_COMPILATION_CONDITIONS = "DEBUG $(inherited)";
				SWIFT_OPTIMIZATION_LEVEL = "-Onone";
			};
			name = Debug;
		};
		55F105382ADADA9200979F90 /* Release */ = {
			isa = XCBuildConfiguration;
			buildSettings = {
				ALWAYS_SEARCH_USER_PATHS = NO;
				ASSETCATALOG_COMPILER_GENERATE_SWIFT_ASSET_SYMBOL_EXTENSIONS = YES;
				CLANG_ANALYZER_NONNULL = YES;
				CLANG_ANALYZER_NUMBER_OBJECT_CONVERSION = YES_AGGRESSIVE;
				CLANG_CXX_LANGUAGE_STANDARD = "gnu++20";
				CLANG_ENABLE_MODULES = YES;
				CLANG_ENABLE_OBJC_ARC = YES;
				CLANG_ENABLE_OBJC_WEAK = YES;
				CLANG_WARN_BLOCK_CAPTURE_AUTORELEASING = YES;
				CLANG_WARN_BOOL_CONVERSION = YES;
				CLANG_WARN_COMMA = YES;
				CLANG_WARN_CONSTANT_CONVERSION = YES;
				CLANG_WARN_DEPRECATED_OBJC_IMPLEMENTATIONS = YES;
				CLANG_WARN_DIRECT_OBJC_ISA_USAGE = YES_ERROR;
				CLANG_WARN_DOCUMENTATION_COMMENTS = YES;
				CLANG_WARN_EMPTY_BODY = YES;
				CLANG_WARN_ENUM_CONVERSION = YES;
				CLANG_WARN_INFINITE_RECURSION = YES;
				CLANG_WARN_INT_CONVERSION = YES;
				CLANG_WARN_NON_LITERAL_NULL_CONVERSION = YES;
				CLANG_WARN_OBJC_IMPLICIT_RETAIN_SELF = YES;
				CLANG_WARN_OBJC_LITERAL_CONVERSION = YES;
				CLANG_WARN_OBJC_ROOT_CLASS = YES_ERROR;
				CLANG_WARN_QUOTED_INCLUDE_IN_FRAMEWORK_HEADER = YES;
				CLANG_WARN_RANGE_LOOP_ANALYSIS = YES;
				CLANG_WARN_STRICT_PROTOTYPES = YES;
				CLANG_WARN_SUSPICIOUS_MOVE = YES;
				CLANG_WARN_UNGUARDED_AVAILABILITY = YES_AGGRESSIVE;
				CLANG_WARN_UNREACHABLE_CODE = YES;
				CLANG_WARN__DUPLICATE_METHOD_MATCH = YES;
				COPY_PHASE_STRIP = NO;
				DEBUG_INFORMATION_FORMAT = "dwarf-with-dsym";
				ENABLE_NS_ASSERTIONS = NO;
				ENABLE_STRICT_OBJC_MSGSEND = YES;
				ENABLE_USER_SCRIPT_SANDBOXING = YES;
				GCC_C_LANGUAGE_STANDARD = gnu17;
				GCC_NO_COMMON_BLOCKS = YES;
				GCC_WARN_64_TO_32_BIT_CONVERSION = YES;
				GCC_WARN_ABOUT_RETURN_TYPE = YES_ERROR;
				GCC_WARN_UNDECLARED_SELECTOR = YES;
				GCC_WARN_UNINITIALIZED_AUTOS = YES_AGGRESSIVE;
				GCC_WARN_UNUSED_FUNCTION = YES;
				GCC_WARN_UNUSED_VARIABLE = YES;
				IPHONEOS_DEPLOYMENT_TARGET = 17.0;
				LOCALIZATION_PREFERS_STRING_CATALOGS = YES;
				MTL_ENABLE_DEBUG_INFO = NO;
				MTL_FAST_MATH = YES;
				SDKROOT = iphoneos;
				SWIFT_COMPILATION_MODE = wholemodule;
				VALIDATE_PRODUCT = YES;
			};
			name = Release;
		};
		55F1053A2ADADA9200979F90 /* Debug */ = {
			isa = XCBuildConfiguration;
			baseConfigurationReference = 92B90F3232B2A7183E8A9255 /* Pods-RnMUniverse.debug.xcconfig */;
			buildSettings = {
				ASSETCATALOG_COMPILER_APPICON_NAME = AppIcon;
				ASSETCATALOG_COMPILER_GLOBAL_ACCENT_COLOR_NAME = AccentColor;
				CODE_SIGN_STYLE = Automatic;
				CURRENT_PROJECT_VERSION = 1;
				GENERATE_INFOPLIST_FILE = YES;
				INFOPLIST_FILE = RnMUniverse/SupportingFiles/Info.plist;
				INFOPLIST_KEY_UIApplicationSupportsIndirectInputEvents = YES;
				INFOPLIST_KEY_UILaunchStoryboardName = LaunchScreen;
				INFOPLIST_KEY_UIMainStoryboardFile = Main;
				INFOPLIST_KEY_UISupportedInterfaceOrientations_iPad = "UIInterfaceOrientationPortrait UIInterfaceOrientationPortraitUpsideDown UIInterfaceOrientationLandscapeLeft UIInterfaceOrientationLandscapeRight";
				INFOPLIST_KEY_UISupportedInterfaceOrientations_iPhone = "UIInterfaceOrientationPortrait UIInterfaceOrientationLandscapeLeft UIInterfaceOrientationLandscapeRight";
				IPHONEOS_DEPLOYMENT_TARGET = 17.0;
				LD_RUNPATH_SEARCH_PATHS = (
					"$(inherited)",
					"@executable_path/Frameworks",
				);
				MARKETING_VERSION = 1.0;
				PRODUCT_BUNDLE_IDENTIFIER = br.com.frizeiro.RnMUniverse;
				PRODUCT_NAME = "$(TARGET_NAME)";
				SWIFT_EMIT_LOC_STRINGS = YES;
				SWIFT_VERSION = 5.0;
				TARGETED_DEVICE_FAMILY = "1,2";
			};
			name = Debug;
		};
		55F1053B2ADADA9200979F90 /* Release */ = {
			isa = XCBuildConfiguration;
			baseConfigurationReference = C36C385744925B9F2638AAD4 /* Pods-RnMUniverse.release.xcconfig */;
			buildSettings = {
				ASSETCATALOG_COMPILER_APPICON_NAME = AppIcon;
				ASSETCATALOG_COMPILER_GLOBAL_ACCENT_COLOR_NAME = AccentColor;
				CODE_SIGN_STYLE = Automatic;
				CURRENT_PROJECT_VERSION = 1;
				GENERATE_INFOPLIST_FILE = YES;
				INFOPLIST_FILE = RnMUniverse/SupportingFiles/Info.plist;
				INFOPLIST_KEY_UIApplicationSupportsIndirectInputEvents = YES;
				INFOPLIST_KEY_UILaunchStoryboardName = LaunchScreen;
				INFOPLIST_KEY_UIMainStoryboardFile = Main;
				INFOPLIST_KEY_UISupportedInterfaceOrientations_iPad = "UIInterfaceOrientationPortrait UIInterfaceOrientationPortraitUpsideDown UIInterfaceOrientationLandscapeLeft UIInterfaceOrientationLandscapeRight";
				INFOPLIST_KEY_UISupportedInterfaceOrientations_iPhone = "UIInterfaceOrientationPortrait UIInterfaceOrientationLandscapeLeft UIInterfaceOrientationLandscapeRight";
				IPHONEOS_DEPLOYMENT_TARGET = 17.0;
				LD_RUNPATH_SEARCH_PATHS = (
					"$(inherited)",
					"@executable_path/Frameworks",
				);
				MARKETING_VERSION = 1.0;
				PRODUCT_BUNDLE_IDENTIFIER = br.com.frizeiro.RnMUniverse;
				PRODUCT_NAME = "$(TARGET_NAME)";
				SWIFT_EMIT_LOC_STRINGS = YES;
				SWIFT_VERSION = 5.0;
				TARGETED_DEVICE_FAMILY = "1,2";
			};
			name = Release;
		};
		55F1053D2ADADA9200979F90 /* Debug */ = {
			isa = XCBuildConfiguration;
			baseConfigurationReference = 107E53013870D15C81E764C0 /* Pods-RnMUniverseTests.debug.xcconfig */;
			buildSettings = {
				ALWAYS_EMBED_SWIFT_STANDARD_LIBRARIES = YES;
				BUNDLE_LOADER = "$(TEST_HOST)";
				CODE_SIGN_STYLE = Automatic;
				CURRENT_PROJECT_VERSION = 1;
				GENERATE_INFOPLIST_FILE = YES;
				IPHONEOS_DEPLOYMENT_TARGET = 17.0;
				MARKETING_VERSION = 1.0;
				PRODUCT_BUNDLE_IDENTIFIER = br.com.frizeiro.RnMUniverseTests;
				PRODUCT_NAME = "$(TARGET_NAME)";
				SWIFT_EMIT_LOC_STRINGS = NO;
				SWIFT_VERSION = 5.0;
				TARGETED_DEVICE_FAMILY = "1,2";
				TEST_HOST = "$(BUILT_PRODUCTS_DIR)/RnMUniverse.app/$(BUNDLE_EXECUTABLE_FOLDER_PATH)/RnMUniverse";
			};
			name = Debug;
		};
		55F1053E2ADADA9200979F90 /* Release */ = {
			isa = XCBuildConfiguration;
			baseConfigurationReference = E481288E4E8CE98766D0743A /* Pods-RnMUniverseTests.release.xcconfig */;
			buildSettings = {
				ALWAYS_EMBED_SWIFT_STANDARD_LIBRARIES = YES;
				BUNDLE_LOADER = "$(TEST_HOST)";
				CODE_SIGN_STYLE = Automatic;
				CURRENT_PROJECT_VERSION = 1;
				GENERATE_INFOPLIST_FILE = YES;
				IPHONEOS_DEPLOYMENT_TARGET = 17.0;
				MARKETING_VERSION = 1.0;
				PRODUCT_BUNDLE_IDENTIFIER = br.com.frizeiro.RnMUniverseTests;
				PRODUCT_NAME = "$(TARGET_NAME)";
				SWIFT_EMIT_LOC_STRINGS = NO;
				SWIFT_VERSION = 5.0;
				TARGETED_DEVICE_FAMILY = "1,2";
				TEST_HOST = "$(BUILT_PRODUCTS_DIR)/RnMUniverse.app/$(BUNDLE_EXECUTABLE_FOLDER_PATH)/RnMUniverse";
			};
			name = Release;
		};
		55F105402ADADA9200979F90 /* Debug */ = {
			isa = XCBuildConfiguration;
			buildSettings = {
				ALWAYS_EMBED_SWIFT_STANDARD_LIBRARIES = YES;
				CODE_SIGN_STYLE = Automatic;
				CURRENT_PROJECT_VERSION = 1;
				GENERATE_INFOPLIST_FILE = YES;
				IPHONEOS_DEPLOYMENT_TARGET = 17.0;
				MARKETING_VERSION = 1.0;
				PRODUCT_BUNDLE_IDENTIFIER = br.com.frizeiro.RnMUniverseUITests;
				PRODUCT_NAME = "$(TARGET_NAME)";
				SWIFT_EMIT_LOC_STRINGS = NO;
				SWIFT_VERSION = 5.0;
				TARGETED_DEVICE_FAMILY = "1,2";
				TEST_TARGET_NAME = RnMUniverse;
			};
			name = Debug;
		};
		55F105412ADADA9200979F90 /* Release */ = {
			isa = XCBuildConfiguration;
			buildSettings = {
				ALWAYS_EMBED_SWIFT_STANDARD_LIBRARIES = YES;
				CODE_SIGN_STYLE = Automatic;
				CURRENT_PROJECT_VERSION = 1;
				GENERATE_INFOPLIST_FILE = YES;
				IPHONEOS_DEPLOYMENT_TARGET = 17.0;
				MARKETING_VERSION = 1.0;
				PRODUCT_BUNDLE_IDENTIFIER = br.com.frizeiro.RnMUniverseUITests;
				PRODUCT_NAME = "$(TARGET_NAME)";
				SWIFT_EMIT_LOC_STRINGS = NO;
				SWIFT_VERSION = 5.0;
				TARGETED_DEVICE_FAMILY = "1,2";
				TEST_TARGET_NAME = RnMUniverse;
			};
			name = Release;
		};
/* End XCBuildConfiguration section */

/* Begin XCConfigurationList section */
		55F1050A2ADADA9000979F90 /* Build configuration list for PBXProject "RnMUniverse" */ = {
			isa = XCConfigurationList;
			buildConfigurations = (
				55F105372ADADA9200979F90 /* Debug */,
				55F105382ADADA9200979F90 /* Release */,
			);
			defaultConfigurationIsVisible = 0;
			defaultConfigurationName = Release;
		};
		55F105392ADADA9200979F90 /* Build configuration list for PBXNativeTarget "RnMUniverse" */ = {
			isa = XCConfigurationList;
			buildConfigurations = (
				55F1053A2ADADA9200979F90 /* Debug */,
				55F1053B2ADADA9200979F90 /* Release */,
			);
			defaultConfigurationIsVisible = 0;
			defaultConfigurationName = Release;
		};
		55F1053C2ADADA9200979F90 /* Build configuration list for PBXNativeTarget "RnMUniverseTests" */ = {
			isa = XCConfigurationList;
			buildConfigurations = (
				55F1053D2ADADA9200979F90 /* Debug */,
				55F1053E2ADADA9200979F90 /* Release */,
			);
			defaultConfigurationIsVisible = 0;
			defaultConfigurationName = Release;
		};
		55F1053F2ADADA9200979F90 /* Build configuration list for PBXNativeTarget "RnMUniverseUITests" */ = {
			isa = XCConfigurationList;
			buildConfigurations = (
				55F105402ADADA9200979F90 /* Debug */,
				55F105412ADADA9200979F90 /* Release */,
			);
			defaultConfigurationIsVisible = 0;
			defaultConfigurationName = Release;
		};
/* End XCConfigurationList section */
	};
	rootObject = 55F105072ADADA9000979F90 /* Project object */;
}
