// !$*UTF8*$!
{
	archiveVersion = 1;
	classes = {
	};
	objectVersion = 56;
	objects = {

/* Begin PBXBuildFile section */
		4848762CDB3E4920D25DAEF6 /* libPods-RnMUniverseTests.a in Frameworks */ = {isa = PBXBuildFile; fileRef = 5AAFBD1E925575276661D40D /* libPods-RnMUniverseTests.a */; };
		553661802ADEE7E2004912D8 /* Localizable.xcstrings in Resources */ = {isa = PBXBuildFile; fileRef = 5536617F2ADEE7E2004912D8 /* Localizable.xcstrings */; };
		5539D15E2ADB3F4B00339C72 /* StyleSheet.swift in Sources */ = {isa = PBXBuildFile; fileRef = 5539D15D2ADB3F4B00339C72 /* StyleSheet.swift */; };
		5539D1602ADB40A600339C72 /* UIView+Support.swift in Sources */ = {isa = PBXBuildFile; fileRef = 5539D15F2ADB40A600339C72 /* UIView+Support.swift */; };
		556EDD9C2ADD4B130005DC16 /* BaseNavigationHelper.swift in Sources */ = {isa = PBXBuildFile; fileRef = 556EDD9B2ADD4B130005DC16 /* BaseNavigationHelper.swift */; };
		556EDD9E2ADD4B3E0005DC16 /* NavigationHelper.swift in Sources */ = {isa = PBXBuildFile; fileRef = 556EDD9D2ADD4B3E0005DC16 /* NavigationHelper.swift */; };
		556EDDA02ADD4B730005DC16 /* CharactersNavigationHelper.swift in Sources */ = {isa = PBXBuildFile; fileRef = 556EDD9F2ADD4B730005DC16 /* CharactersNavigationHelper.swift */; };
		556EDDA22ADD4D1B0005DC16 /* UIViewController+NavigationHelper.swift in Sources */ = {isa = PBXBuildFile; fileRef = 556EDDA12ADD4D1B0005DC16 /* UIViewController+NavigationHelper.swift */; };
		556EDDA42ADD4E9C0005DC16 /* CharacterViewController.swift in Sources */ = {isa = PBXBuildFile; fileRef = 556EDDA32ADD4E9C0005DC16 /* CharacterViewController.swift */; };
		556EDDA62ADD4ED90005DC16 /* CharacterViewModel.swift in Sources */ = {isa = PBXBuildFile; fileRef = 556EDDA52ADD4ED90005DC16 /* CharacterViewModel.swift */; };
		556EDDA92ADD8DDA0005DC16 /* CharacterHeaderItem.swift in Sources */ = {isa = PBXBuildFile; fileRef = 556EDDA82ADD8DDA0005DC16 /* CharacterHeaderItem.swift */; };
		556EDDAB2ADD8DE00005DC16 /* CharacterHeaderItemCell.swift in Sources */ = {isa = PBXBuildFile; fileRef = 556EDDAA2ADD8DE00005DC16 /* CharacterHeaderItemCell.swift */; };
		556EDDAD2ADD8DEB0005DC16 /* CharacterHeaderItemCell.xib in Resources */ = {isa = PBXBuildFile; fileRef = 556EDDAC2ADD8DEB0005DC16 /* CharacterHeaderItemCell.xib */; };
		5595CAF82ADF3EC700FD337B /* String+Localizable.swift in Sources */ = {isa = PBXBuildFile; fileRef = 5595CAF72ADF3EC700FD337B /* String+Localizable.swift */; };
		55B770DA2ADB3912008907B9 /* CharacterCollectionItem.swift in Sources */ = {isa = PBXBuildFile; fileRef = 55B770D92ADB3912008907B9 /* CharacterCollectionItem.swift */; };
		55B770DC2ADB391D008907B9 /* CharacterCollectionItemCell.swift in Sources */ = {isa = PBXBuildFile; fileRef = 55B770DB2ADB391D008907B9 /* CharacterCollectionItemCell.swift */; };
		55B770DE2ADB396C008907B9 /* CharacterCollectionItemCell.xib in Resources */ = {isa = PBXBuildFile; fileRef = 55B770DD2ADB396C008907B9 /* CharacterCollectionItemCell.xib */; };
		55BDEDA02ADE07FF00705EEE /* UIView+Loader.swift in Sources */ = {isa = PBXBuildFile; fileRef = 55BDED9F2ADE07FF00705EEE /* UIView+Loader.swift */; };
		55BDEDA42ADE154A00705EEE /* UIViewController+Loader.swift in Sources */ = {isa = PBXBuildFile; fileRef = 55BDEDA32ADE154A00705EEE /* UIViewController+Loader.swift */; };
		55DCF80F2ADC37C200A3251D /* CharactersViewModel.swift in Sources */ = {isa = PBXBuildFile; fileRef = 55DCF80E2ADC37C200A3251D /* CharactersViewModel.swift */; };
		55DCF8112ADC497C00A3251D /* BaseViewModel.swift in Sources */ = {isa = PBXBuildFile; fileRef = 55DCF8102ADC497C00A3251D /* BaseViewModel.swift */; };
		55DCF8132ADC99B100A3251D /* UIImageView+LoadUrl.swift in Sources */ = {isa = PBXBuildFile; fileRef = 55DCF8122ADC99B100A3251D /* UIImageView+LoadUrl.swift */; };
		55DCF8152ADC99E300A3251D /* UIImage+Resources.swift in Sources */ = {isa = PBXBuildFile; fileRef = 55DCF8142ADC99E300A3251D /* UIImage+Resources.swift */; };
		55DCF8172ADD440300A3251D /* Colors.xcassets in Resources */ = {isa = PBXBuildFile; fileRef = 55DCF8162ADD440300A3251D /* Colors.xcassets */; };
		55F105132ADADA9000979F90 /* AppDelegate.swift in Sources */ = {isa = PBXBuildFile; fileRef = 55F105122ADADA9000979F90 /* AppDelegate.swift */; };
		55F105152ADADA9000979F90 /* SceneDelegate.swift in Sources */ = {isa = PBXBuildFile; fileRef = 55F105142ADADA9000979F90 /* SceneDelegate.swift */; };
		55F105172ADADA9000979F90 /* CharactersViewController.swift in Sources */ = {isa = PBXBuildFile; fileRef = 55F105162ADADA9000979F90 /* CharactersViewController.swift */; };
		55F1051C2ADADA9100979F90 /* Assets.xcassets in Resources */ = {isa = PBXBuildFile; fileRef = 55F1051B2ADADA9100979F90 /* Assets.xcassets */; };
		55F1052A2ADADA9100979F90 /* RnMUniverseTests.swift in Sources */ = {isa = PBXBuildFile; fileRef = 55F105292ADADA9100979F90 /* RnMUniverseTests.swift */; };
		55F105342ADADA9100979F90 /* RnMUniverseUITests.swift in Sources */ = {isa = PBXBuildFile; fileRef = 55F105332ADADA9100979F90 /* RnMUniverseUITests.swift */; };
		55F105362ADADA9100979F90 /* RnMUniverseUITestsLaunchTests.swift in Sources */ = {isa = PBXBuildFile; fileRef = 55F105352ADADA9100979F90 /* RnMUniverseUITestsLaunchTests.swift */; };
		55F1054F2ADAE46800979F90 /* Client.swift in Sources */ = {isa = PBXBuildFile; fileRef = 55F1054E2ADAE46800979F90 /* Client.swift */; };
		55F105512ADAE47100979F90 /* Request.swift in Sources */ = {isa = PBXBuildFile; fileRef = 55F105502ADAE47100979F90 /* Request.swift */; };
		55F105532ADAE51900979F90 /* Method.swift in Sources */ = {isa = PBXBuildFile; fileRef = 55F105522ADAE51900979F90 /* Method.swift */; };
		55F105552ADAE82800979F90 /* CharacterDataSource.swift in Sources */ = {isa = PBXBuildFile; fileRef = 55F105542ADAE82800979F90 /* CharacterDataSource.swift */; };
		55F105572ADAE94A00979F90 /* CharactersResponse.swift in Sources */ = {isa = PBXBuildFile; fileRef = 55F105562ADAE94A00979F90 /* CharactersResponse.swift */; };
		55F1055A2ADAED3100979F90 /* CharacterGender.swift in Sources */ = {isa = PBXBuildFile; fileRef = 55F105592ADAED3100979F90 /* CharacterGender.swift */; };
		55F1055C2ADAED4900979F90 /* CharacterStatus.swift in Sources */ = {isa = PBXBuildFile; fileRef = 55F1055B2ADAED4900979F90 /* CharacterStatus.swift */; };
		55F1055E2ADAED5900979F90 /* Location.swift in Sources */ = {isa = PBXBuildFile; fileRef = 55F1055D2ADAED5900979F90 /* Location.swift */; };
		55F105602ADAED6E00979F90 /* Origin.swift in Sources */ = {isa = PBXBuildFile; fileRef = 55F1055F2ADAED6E00979F90 /* Origin.swift */; };
		55F105622ADAED7C00979F90 /* Character.swift in Sources */ = {isa = PBXBuildFile; fileRef = 55F105612ADAED7C00979F90 /* Character.swift */; };
		55F105642ADAED8F00979F90 /* Info.swift in Sources */ = {isa = PBXBuildFile; fileRef = 55F105632ADAED8F00979F90 /* Info.swift */; };
		55F105672ADAF08600979F90 /* ServerClient.swift in Sources */ = {isa = PBXBuildFile; fileRef = 55F105662ADAF08600979F90 /* ServerClient.swift */; };
		55F105692ADAF44300979F90 /* CharacterRequest.swift in Sources */ = {isa = PBXBuildFile; fileRef = 55F105682ADAF44300979F90 /* CharacterRequest.swift */; };
		55F1056C2ADB012700979F90 /* NetworkManager.swift in Sources */ = {isa = PBXBuildFile; fileRef = 55F1056B2ADB012700979F90 /* NetworkManager.swift */; };
		55F1056E2ADB058F00979F90 /* DataSource.swift in Sources */ = {isa = PBXBuildFile; fileRef = 55F1056D2ADB058F00979F90 /* DataSource.swift */; };
		55F105702ADB05B800979F90 /* CharacterServerDataSource.swift in Sources */ = {isa = PBXBuildFile; fileRef = 55F1056F2ADB05B800979F90 /* CharacterServerDataSource.swift */; };
		55F105722ADB19F800979F90 /* Data+Support.swift in Sources */ = {isa = PBXBuildFile; fileRef = 55F105712ADB19F800979F90 /* Data+Support.swift */; };
		55F105742ADB1A2400979F90 /* DateFormatter+Standards.swift in Sources */ = {isa = PBXBuildFile; fileRef = 55F105732ADB1A2400979F90 /* DateFormatter+Standards.swift */; };
		55F105762ADB1A7800979F90 /* NetworkError.swift in Sources */ = {isa = PBXBuildFile; fileRef = 55F105752ADB1A7800979F90 /* NetworkError.swift */; };
		55F105782ADB25E500979F90 /* ErrorResponse.swift in Sources */ = {isa = PBXBuildFile; fileRef = 55F105772ADB25E500979F90 /* ErrorResponse.swift */; };
		D8358320EEE570A7927F7F36 /* libPods-RnMUniverse.a in Frameworks */ = {isa = PBXBuildFile; fileRef = 05171453F1D0C4D5A92B362B /* libPods-RnMUniverse.a */; };
/* End PBXBuildFile section */

/* Begin PBXContainerItemProxy section */
		55F105262ADADA9100979F90 /* PBXContainerItemProxy */ = {
			isa = PBXContainerItemProxy;
			containerPortal = 55F105072ADADA9000979F90 /* Project object */;
			proxyType = 1;
			remoteGlobalIDString = 55F1050E2ADADA9000979F90;
			remoteInfo = RnMUniverse;
		};
		55F105302ADADA9100979F90 /* PBXContainerItemProxy */ = {
			isa = PBXContainerItemProxy;
			containerPortal = 55F105072ADADA9000979F90 /* Project object */;
			proxyType = 1;
			remoteGlobalIDString = 55F1050E2ADADA9000979F90;
			remoteInfo = RnMUniverse;
		};
/* End PBXContainerItemProxy section */

/* Begin PBXFileReference section */
		05171453F1D0C4D5A92B362B /* libPods-RnMUniverse.a */ = {isa = PBXFileReference; explicitFileType = archive.ar; includeInIndex = 0; path = "libPods-RnMUniverse.a"; sourceTree = BUILT_PRODUCTS_DIR; };
		107E53013870D15C81E764C0 /* Pods-RnMUniverseTests.debug.xcconfig */ = {isa = PBXFileReference; includeInIndex = 1; lastKnownFileType = text.xcconfig; name = "Pods-RnMUniverseTests.debug.xcconfig"; path = "Target Support Files/Pods-RnMUniverseTests/Pods-RnMUniverseTests.debug.xcconfig"; sourceTree = "<group>"; };
		5536617F2ADEE7E2004912D8 /* Localizable.xcstrings */ = {isa = PBXFileReference; lastKnownFileType = text.json.xcstrings; path = Localizable.xcstrings; sourceTree = "<group>"; };
		5539D15D2ADB3F4B00339C72 /* StyleSheet.swift */ = {isa = PBXFileReference; lastKnownFileType = sourcecode.swift; path = StyleSheet.swift; sourceTree = "<group>"; };
		5539D15F2ADB40A600339C72 /* UIView+Support.swift */ = {isa = PBXFileReference; lastKnownFileType = sourcecode.swift; path = "UIView+Support.swift"; sourceTree = "<group>"; };
		556EDD9B2ADD4B130005DC16 /* BaseNavigationHelper.swift */ = {isa = PBXFileReference; lastKnownFileType = sourcecode.swift; path = BaseNavigationHelper.swift; sourceTree = "<group>"; };
		556EDD9D2ADD4B3E0005DC16 /* NavigationHelper.swift */ = {isa = PBXFileReference; lastKnownFileType = sourcecode.swift; path = NavigationHelper.swift; sourceTree = "<group>"; };
		556EDD9F2ADD4B730005DC16 /* CharactersNavigationHelper.swift */ = {isa = PBXFileReference; lastKnownFileType = sourcecode.swift; path = CharactersNavigationHelper.swift; sourceTree = "<group>"; };
		556EDDA12ADD4D1B0005DC16 /* UIViewController+NavigationHelper.swift */ = {isa = PBXFileReference; lastKnownFileType = sourcecode.swift; path = "UIViewController+NavigationHelper.swift"; sourceTree = "<group>"; };
		556EDDA32ADD4E9C0005DC16 /* CharacterViewController.swift */ = {isa = PBXFileReference; lastKnownFileType = sourcecode.swift; path = CharacterViewController.swift; sourceTree = "<group>"; };
		556EDDA52ADD4ED90005DC16 /* CharacterViewModel.swift */ = {isa = PBXFileReference; lastKnownFileType = sourcecode.swift; path = CharacterViewModel.swift; sourceTree = "<group>"; };
		556EDDA82ADD8DDA0005DC16 /* CharacterHeaderItem.swift */ = {isa = PBXFileReference; lastKnownFileType = sourcecode.swift; path = CharacterHeaderItem.swift; sourceTree = "<group>"; };
		556EDDAA2ADD8DE00005DC16 /* CharacterHeaderItemCell.swift */ = {isa = PBXFileReference; lastKnownFileType = sourcecode.swift; path = CharacterHeaderItemCell.swift; sourceTree = "<group>"; };
		556EDDAC2ADD8DEB0005DC16 /* CharacterHeaderItemCell.xib */ = {isa = PBXFileReference; lastKnownFileType = file.xib; path = CharacterHeaderItemCell.xib; sourceTree = "<group>"; };
		5595CAF72ADF3EC700FD337B /* String+Localizable.swift */ = {isa = PBXFileReference; lastKnownFileType = sourcecode.swift; path = "String+Localizable.swift"; sourceTree = "<group>"; };
		55B770D92ADB3912008907B9 /* CharacterCollectionItem.swift */ = {isa = PBXFileReference; lastKnownFileType = sourcecode.swift; path = CharacterCollectionItem.swift; sourceTree = "<group>"; };
		55B770DB2ADB391D008907B9 /* CharacterCollectionItemCell.swift */ = {isa = PBXFileReference; lastKnownFileType = sourcecode.swift; path = CharacterCollectionItemCell.swift; sourceTree = "<group>"; };
		55B770DD2ADB396C008907B9 /* CharacterCollectionItemCell.xib */ = {isa = PBXFileReference; lastKnownFileType = file.xib; path = CharacterCollectionItemCell.xib; sourceTree = "<group>"; };
		55BDED9F2ADE07FF00705EEE /* UIView+Loader.swift */ = {isa = PBXFileReference; lastKnownFileType = sourcecode.swift; path = "UIView+Loader.swift"; sourceTree = "<group>"; };
		55BDEDA32ADE154A00705EEE /* UIViewController+Loader.swift */ = {isa = PBXFileReference; lastKnownFileType = sourcecode.swift; path = "UIViewController+Loader.swift"; sourceTree = "<group>"; };
		55DCF80E2ADC37C200A3251D /* CharactersViewModel.swift */ = {isa = PBXFileReference; lastKnownFileType = sourcecode.swift; path = CharactersViewModel.swift; sourceTree = "<group>"; };
		55DCF8102ADC497C00A3251D /* BaseViewModel.swift */ = {isa = PBXFileReference; lastKnownFileType = sourcecode.swift; path = BaseViewModel.swift; sourceTree = "<group>"; };
		55DCF8122ADC99B100A3251D /* UIImageView+LoadUrl.swift */ = {isa = PBXFileReference; lastKnownFileType = sourcecode.swift; path = "UIImageView+LoadUrl.swift"; sourceTree = "<group>"; };
		55DCF8142ADC99E300A3251D /* UIImage+Resources.swift */ = {isa = PBXFileReference; lastKnownFileType = sourcecode.swift; path = "UIImage+Resources.swift"; sourceTree = "<group>"; };
		55DCF8162ADD440300A3251D /* Colors.xcassets */ = {isa = PBXFileReference; lastKnownFileType = folder.assetcatalog; path = Colors.xcassets; sourceTree = "<group>"; };
		55F1050F2ADADA9000979F90 /* RnMUniverse.app */ = {isa = PBXFileReference; explicitFileType = wrapper.application; includeInIndex = 0; path = RnMUniverse.app; sourceTree = BUILT_PRODUCTS_DIR; };
		55F105122ADADA9000979F90 /* AppDelegate.swift */ = {isa = PBXFileReference; lastKnownFileType = sourcecode.swift; path = AppDelegate.swift; sourceTree = "<group>"; };
		55F105142ADADA9000979F90 /* SceneDelegate.swift */ = {isa = PBXFileReference; lastKnownFileType = sourcecode.swift; path = SceneDelegate.swift; sourceTree = "<group>"; };
		55F105162ADADA9000979F90 /* CharactersViewController.swift */ = {isa = PBXFileReference; lastKnownFileType = sourcecode.swift; path = CharactersViewController.swift; sourceTree = "<group>"; };
		55F1051B2ADADA9100979F90 /* Assets.xcassets */ = {isa = PBXFileReference; lastKnownFileType = folder.assetcatalog; path = Assets.xcassets; sourceTree = "<group>"; };
		55F105202ADADA9100979F90 /* Info.plist */ = {isa = PBXFileReference; lastKnownFileType = text.plist.xml; path = Info.plist; sourceTree = "<group>"; };
		55F105252ADADA9100979F90 /* RnMUniverseTests.xctest */ = {isa = PBXFileReference; explicitFileType = wrapper.cfbundle; includeInIndex = 0; path = RnMUniverseTests.xctest; sourceTree = BUILT_PRODUCTS_DIR; };
		55F105292ADADA9100979F90 /* RnMUniverseTests.swift */ = {isa = PBXFileReference; lastKnownFileType = sourcecode.swift; path = RnMUniverseTests.swift; sourceTree = "<group>"; };
		55F1052F2ADADA9100979F90 /* RnMUniverseUITests.xctest */ = {isa = PBXFileReference; explicitFileType = wrapper.cfbundle; includeInIndex = 0; path = RnMUniverseUITests.xctest; sourceTree = BUILT_PRODUCTS_DIR; };
		55F105332ADADA9100979F90 /* RnMUniverseUITests.swift */ = {isa = PBXFileReference; lastKnownFileType = sourcecode.swift; path = RnMUniverseUITests.swift; sourceTree = "<group>"; };
		55F105352ADADA9100979F90 /* RnMUniverseUITestsLaunchTests.swift */ = {isa = PBXFileReference; lastKnownFileType = sourcecode.swift; path = RnMUniverseUITestsLaunchTests.swift; sourceTree = "<group>"; };
		55F1054E2ADAE46800979F90 /* Client.swift */ = {isa = PBXFileReference; lastKnownFileType = sourcecode.swift; name = Client.swift; path = RnMUniverse/Sources/DataSource/Protocol/Client/Client.swift; sourceTree = SOURCE_ROOT; };
		55F105502ADAE47100979F90 /* Request.swift */ = {isa = PBXFileReference; lastKnownFileType = sourcecode.swift; path = Request.swift; sourceTree = "<group>"; };
		55F105522ADAE51900979F90 /* Method.swift */ = {isa = PBXFileReference; lastKnownFileType = sourcecode.swift; path = Method.swift; sourceTree = "<group>"; };
		55F105542ADAE82800979F90 /* CharacterDataSource.swift */ = {isa = PBXFileReference; lastKnownFileType = sourcecode.swift; path = CharacterDataSource.swift; sourceTree = "<group>"; };
		55F105562ADAE94A00979F90 /* CharactersResponse.swift */ = {isa = PBXFileReference; lastKnownFileType = sourcecode.swift; path = CharactersResponse.swift; sourceTree = "<group>"; };
		55F105592ADAED3100979F90 /* CharacterGender.swift */ = {isa = PBXFileReference; lastKnownFileType = sourcecode.swift; path = CharacterGender.swift; sourceTree = "<group>"; };
		55F1055B2ADAED4900979F90 /* CharacterStatus.swift */ = {isa = PBXFileReference; lastKnownFileType = sourcecode.swift; path = CharacterStatus.swift; sourceTree = "<group>"; };
		55F1055D2ADAED5900979F90 /* Location.swift */ = {isa = PBXFileReference; lastKnownFileType = sourcecode.swift; path = Location.swift; sourceTree = "<group>"; };
		55F1055F2ADAED6E00979F90 /* Origin.swift */ = {isa = PBXFileReference; lastKnownFileType = sourcecode.swift; path = Origin.swift; sourceTree = "<group>"; };
		55F105612ADAED7C00979F90 /* Character.swift */ = {isa = PBXFileReference; lastKnownFileType = sourcecode.swift; path = Character.swift; sourceTree = "<group>"; };
		55F105632ADAED8F00979F90 /* Info.swift */ = {isa = PBXFileReference; lastKnownFileType = sourcecode.swift; path = Info.swift; sourceTree = "<group>"; };
		55F105662ADAF08600979F90 /* ServerClient.swift */ = {isa = PBXFileReference; lastKnownFileType = sourcecode.swift; path = ServerClient.swift; sourceTree = "<group>"; };
		55F105682ADAF44300979F90 /* CharacterRequest.swift */ = {isa = PBXFileReference; lastKnownFileType = sourcecode.swift; path = CharacterRequest.swift; sourceTree = "<group>"; };
		55F1056B2ADB012700979F90 /* NetworkManager.swift */ = {isa = PBXFileReference; lastKnownFileType = sourcecode.swift; path = NetworkManager.swift; sourceTree = "<group>"; };
		55F1056D2ADB058F00979F90 /* DataSource.swift */ = {isa = PBXFileReference; lastKnownFileType = sourcecode.swift; path = DataSource.swift; sourceTree = "<group>"; };
		55F1056F2ADB05B800979F90 /* CharacterServerDataSource.swift */ = {isa = PBXFileReference; lastKnownFileType = sourcecode.swift; path = CharacterServerDataSource.swift; sourceTree = "<group>"; };
		55F105712ADB19F800979F90 /* Data+Support.swift */ = {isa = PBXFileReference; lastKnownFileType = sourcecode.swift; path = "Data+Support.swift"; sourceTree = "<group>"; };
		55F105732ADB1A2400979F90 /* DateFormatter+Standards.swift */ = {isa = PBXFileReference; lastKnownFileType = sourcecode.swift; path = "DateFormatter+Standards.swift"; sourceTree = "<group>"; };
		55F105752ADB1A7800979F90 /* NetworkError.swift */ = {isa = PBXFileReference; lastKnownFileType = sourcecode.swift; path = NetworkError.swift; sourceTree = "<group>"; };
		55F105772ADB25E500979F90 /* ErrorResponse.swift */ = {isa = PBXFileReference; lastKnownFileType = sourcecode.swift; path = ErrorResponse.swift; sourceTree = "<group>"; };
		5AAFBD1E925575276661D40D /* libPods-RnMUniverseTests.a */ = {isa = PBXFileReference; explicitFileType = archive.ar; includeInIndex = 0; path = "libPods-RnMUniverseTests.a"; sourceTree = BUILT_PRODUCTS_DIR; };
		92B90F3232B2A7183E8A9255 /* Pods-RnMUniverse.debug.xcconfig */ = {isa = PBXFileReference; includeInIndex = 1; lastKnownFileType = text.xcconfig; name = "Pods-RnMUniverse.debug.xcconfig"; path = "Target Support Files/Pods-RnMUniverse/Pods-RnMUniverse.debug.xcconfig"; sourceTree = "<group>"; };
		C36C385744925B9F2638AAD4 /* Pods-RnMUniverse.release.xcconfig */ = {isa = PBXFileReference; includeInIndex = 1; lastKnownFileType = text.xcconfig; name = "Pods-RnMUniverse.release.xcconfig"; path = "Target Support Files/Pods-RnMUniverse/Pods-RnMUniverse.release.xcconfig"; sourceTree = "<group>"; };
		E481288E4E8CE98766D0743A /* Pods-RnMUniverseTests.release.xcconfig */ = {isa = PBXFileReference; includeInIndex = 1; lastKnownFileType = text.xcconfig; name = "Pods-RnMUniverseTests.release.xcconfig"; path = "Target Support Files/Pods-RnMUniverseTests/Pods-RnMUniverseTests.release.xcconfig"; sourceTree = "<group>"; };
/* End PBXFileReference section */

/* Begin PBXFrameworksBuildPhase section */
		55F1050C2ADADA9000979F90 /* Frameworks */ = {
			isa = PBXFrameworksBuildPhase;
			buildActionMask = 2147483647;
			files = (
				D8358320EEE570A7927F7F36 /* libPods-RnMUniverse.a in Frameworks */,
			);
			runOnlyForDeploymentPostprocessing = 0;
		};
		55F105222ADADA9100979F90 /* Frameworks */ = {
			isa = PBXFrameworksBuildPhase;
			buildActionMask = 2147483647;
			files = (
				4848762CDB3E4920D25DAEF6 /* libPods-RnMUniverseTests.a in Frameworks */,
			);
			runOnlyForDeploymentPostprocessing = 0;
		};
		55F1052C2ADADA9100979F90 /* Frameworks */ = {
			isa = PBXFrameworksBuildPhase;
			buildActionMask = 2147483647;
			files = (
			);
			runOnlyForDeploymentPostprocessing = 0;
		};
/* End PBXFrameworksBuildPhase section */

/* Begin PBXGroup section */
		004C0D58DD9E691C704A0030 /* Pods */ = {
			isa = PBXGroup;
			children = (
				92B90F3232B2A7183E8A9255 /* Pods-RnMUniverse.debug.xcconfig */,
				C36C385744925B9F2638AAD4 /* Pods-RnMUniverse.release.xcconfig */,
				107E53013870D15C81E764C0 /* Pods-RnMUniverseTests.debug.xcconfig */,
				E481288E4E8CE98766D0743A /* Pods-RnMUniverseTests.release.xcconfig */,
			);
			path = Pods;
			sourceTree = "<group>";
		};
		5539D15C2ADB3F2800339C72 /* Support */ = {
			isa = PBXGroup;
			children = (
				5539D15D2ADB3F4B00339C72 /* StyleSheet.swift */,
			);
			path = Support;
			sourceTree = "<group>";
		};
		556EDD9A2ADD4AFA0005DC16 /* Navigation */ = {
			isa = PBXGroup;
			children = (
				556EDD9B2ADD4B130005DC16 /* BaseNavigationHelper.swift */,
				556EDD9F2ADD4B730005DC16 /* CharactersNavigationHelper.swift */,
				556EDD9D2ADD4B3E0005DC16 /* NavigationHelper.swift */,
			);
			path = Navigation;
			sourceTree = "<group>";
		};
		556EDDA72ADD8DBC0005DC16 /* CharacterHeaderItem */ = {
			isa = PBXGroup;
			children = (
				556EDDA82ADD8DDA0005DC16 /* CharacterHeaderItem.swift */,
				556EDDAA2ADD8DE00005DC16 /* CharacterHeaderItemCell.swift */,
				556EDDAC2ADD8DEB0005DC16 /* CharacterHeaderItemCell.xib */,
			);
			path = CharacterHeaderItem;
			sourceTree = "<group>";
		};
		5595CAF62ADF08F700FD337B /* Strings */ = {
			isa = PBXGroup;
			children = (
				5536617F2ADEE7E2004912D8 /* Localizable.xcstrings */,
				5595CAF72ADF3EC700FD337B /* String+Localizable.swift */,
			);
			path = Strings;
			sourceTree = "<group>";
		};
		55B770D72ADB38D7008907B9 /* Component */ = {
			isa = PBXGroup;
			children = (
				556EDDA72ADD8DBC0005DC16 /* CharacterHeaderItem */,
				55B770D82ADB38E7008907B9 /* CharacterCollectionItem */,
			);
			path = Component;
			sourceTree = "<group>";
		};
		55B770D82ADB38E7008907B9 /* CharacterCollectionItem */ = {
			isa = PBXGroup;
			children = (
				55B770D92ADB3912008907B9 /* CharacterCollectionItem.swift */,
				55B770DB2ADB391D008907B9 /* CharacterCollectionItemCell.swift */,
				55B770DD2ADB396C008907B9 /* CharacterCollectionItemCell.xib */,
			);
			path = CharacterCollectionItem;
			sourceTree = "<group>";
		};
		55F105062ADADA9000979F90 = {
			isa = PBXGroup;
			children = (
				55F105112ADADA9000979F90 /* RnMUniverse */,
				55F105282ADADA9100979F90 /* RnMUniverseTests */,
				55F105322ADADA9100979F90 /* RnMUniverseUITests */,
				F9A001B80B7F7468AFF2F422 /* Frameworks */,
				004C0D58DD9E691C704A0030 /* Pods */,
				55F105102ADADA9000979F90 /* Products */,
			);
			sourceTree = "<group>";
		};
		55F105102ADADA9000979F90 /* Products */ = {
			isa = PBXGroup;
			children = (
				55F1050F2ADADA9000979F90 /* RnMUniverse.app */,
				55F105252ADADA9100979F90 /* RnMUniverseTests.xctest */,
				55F1052F2ADADA9100979F90 /* RnMUniverseUITests.xctest */,
			);
			name = Products;
			sourceTree = "<group>";
		};
		55F105112ADADA9000979F90 /* RnMUniverse */ = {
			isa = PBXGroup;
			children = (
				55F105442ADAE03200979F90 /* SupportingFiles */,
				55F105432ADAE01600979F90 /* Resources */,
				55F105422ADAE00100979F90 /* Sources */,
			);
			path = RnMUniverse;
			sourceTree = "<group>";
		};
		55F105282ADADA9100979F90 /* RnMUniverseTests */ = {
			isa = PBXGroup;
			children = (
				55F105292ADADA9100979F90 /* RnMUniverseTests.swift */,
			);
			path = RnMUniverseTests;
			sourceTree = "<group>";
		};
		55F105322ADADA9100979F90 /* RnMUniverseUITests */ = {
			isa = PBXGroup;
			children = (
				55F105332ADADA9100979F90 /* RnMUniverseUITests.swift */,
				55F105352ADADA9100979F90 /* RnMUniverseUITestsLaunchTests.swift */,
			);
			path = RnMUniverseUITests;
			sourceTree = "<group>";
		};
		55F105422ADAE00100979F90 /* Sources */ = {
			isa = PBXGroup;
			children = (
				55F105472ADAE07C00979F90 /* Controller */,
				55F1054B2ADAE0A200979F90 /* DataSource */,
				55F1054A2ADAE09600979F90 /* Extension */,
				55F1056A2ADB011500979F90 /* Helper */,
				55F105482ADAE08500979F90 /* Model */,
				5539D15C2ADB3F2800339C72 /* Support */,
				55F105492ADAE08F00979F90 /* ViewModel */,
			);
			path = Sources;
			sourceTree = "<group>";
		};
		55F105432ADAE01600979F90 /* Resources */ = {
			isa = PBXGroup;
			children = (
				55F105452ADAE04D00979F90 /* Media */,
				5595CAF62ADF08F700FD337B /* Strings */,
				55F105462ADAE05300979F90 /* UI */,
			);
			path = Resources;
			sourceTree = "<group>";
		};
		55F105442ADAE03200979F90 /* SupportingFiles */ = {
			isa = PBXGroup;
			children = (
				55F105122ADADA9000979F90 /* AppDelegate.swift */,
				55F105202ADADA9100979F90 /* Info.plist */,
				55F105142ADADA9000979F90 /* SceneDelegate.swift */,
			);
			path = SupportingFiles;
			sourceTree = "<group>";
		};
		55F105452ADAE04D00979F90 /* Media */ = {
			isa = PBXGroup;
			children = (
				55F1051B2ADADA9100979F90 /* Assets.xcassets */,
				55DCF8162ADD440300A3251D /* Colors.xcassets */,
			);
			path = Media;
			sourceTree = "<group>";
		};
		55F105462ADAE05300979F90 /* UI */ = {
			isa = PBXGroup;
			children = (
				55B770D72ADB38D7008907B9 /* Component */,
			);
			path = UI;
			sourceTree = "<group>";
		};
		55F105472ADAE07C00979F90 /* Controller */ = {
			isa = PBXGroup;
			children = (
				55F105162ADADA9000979F90 /* CharactersViewController.swift */,
				556EDDA32ADD4E9C0005DC16 /* CharacterViewController.swift */,
			);
			path = Controller;
			sourceTree = "<group>";
		};
		55F105482ADAE08500979F90 /* Model */ = {
			isa = PBXGroup;
			children = (
				55F105582ADAED2200979F90 /* Response */,
				55F105612ADAED7C00979F90 /* Character.swift */,
				55F105592ADAED3100979F90 /* CharacterGender.swift */,
				55F1055B2ADAED4900979F90 /* CharacterStatus.swift */,
				55F105632ADAED8F00979F90 /* Info.swift */,
				55F1055D2ADAED5900979F90 /* Location.swift */,
				55F105752ADB1A7800979F90 /* NetworkError.swift */,
				55F1055F2ADAED6E00979F90 /* Origin.swift */,
			);
			path = Model;
			sourceTree = "<group>";
		};
		55F105492ADAE08F00979F90 /* ViewModel */ = {
			isa = PBXGroup;
			children = (
				55DCF8102ADC497C00A3251D /* BaseViewModel.swift */,
				55DCF80E2ADC37C200A3251D /* CharactersViewModel.swift */,
				556EDDA52ADD4ED90005DC16 /* CharacterViewModel.swift */,
			);
			path = ViewModel;
			sourceTree = "<group>";
		};
		55F1054A2ADAE09600979F90 /* Extension */ = {
			isa = PBXGroup;
			children = (
				55F105712ADB19F800979F90 /* Data+Support.swift */,
				55F105732ADB1A2400979F90 /* DateFormatter+Standards.swift */,
				55DCF8142ADC99E300A3251D /* UIImage+Resources.swift */,
				55DCF8122ADC99B100A3251D /* UIImageView+LoadUrl.swift */,
				55BDED9F2ADE07FF00705EEE /* UIView+Loader.swift */,
				5539D15F2ADB40A600339C72 /* UIView+Support.swift */,
				55BDEDA32ADE154A00705EEE /* UIViewController+Loader.swift */,
				556EDDA12ADD4D1B0005DC16 /* UIViewController+NavigationHelper.swift */,
			);
			path = Extension;
			sourceTree = "<group>";
		};
		55F1054B2ADAE0A200979F90 /* DataSource */ = {
			isa = PBXGroup;
			children = (
				55F1054C2ADAE3DE00979F90 /* Protocol */,
				55F105652ADAF07400979F90 /* Server */,
				55F1056D2ADB058F00979F90 /* DataSource.swift */,
			);
			path = DataSource;
			sourceTree = "<group>";
		};
		55F1054C2ADAE3DE00979F90 /* Protocol */ = {
			isa = PBXGroup;
			children = (
				55F1054D2ADAE45E00979F90 /* Client */,
				55F105542ADAE82800979F90 /* CharacterDataSource.swift */,
			);
			path = Protocol;
			sourceTree = "<group>";
		};
		55F1054D2ADAE45E00979F90 /* Client */ = {
			isa = PBXGroup;
			children = (
				55F1054E2ADAE46800979F90 /* Client.swift */,
				55F105522ADAE51900979F90 /* Method.swift */,
				55F105502ADAE47100979F90 /* Request.swift */,
			);
			path = Client;
			sourceTree = "<group>";
		};
		55F105582ADAED2200979F90 /* Response */ = {
			isa = PBXGroup;
			children = (
				55F105562ADAE94A00979F90 /* CharactersResponse.swift */,
				55F105772ADB25E500979F90 /* ErrorResponse.swift */,
			);
			path = Response;
			sourceTree = "<group>";
		};
		55F105652ADAF07400979F90 /* Server */ = {
			isa = PBXGroup;
			children = (
				55F105682ADAF44300979F90 /* CharacterRequest.swift */,
				55F1056F2ADB05B800979F90 /* CharacterServerDataSource.swift */,
				55F105662ADAF08600979F90 /* ServerClient.swift */,
			);
			path = Server;
			sourceTree = "<group>";
		};
		55F1056A2ADB011500979F90 /* Helper */ = {
			isa = PBXGroup;
			children = (
				556EDD9A2ADD4AFA0005DC16 /* Navigation */,
				55F1056B2ADB012700979F90 /* NetworkManager.swift */,
			);
			path = Helper;
			sourceTree = "<group>";
		};
		F9A001B80B7F7468AFF2F422 /* Frameworks */ = {
			isa = PBXGroup;
			children = (
				05171453F1D0C4D5A92B362B /* libPods-RnMUniverse.a */,
				5AAFBD1E925575276661D40D /* libPods-RnMUniverseTests.a */,
			);
			name = Frameworks;
			sourceTree = "<group>";
		};
/* End PBXGroup section */

/* Begin PBXNativeTarget section */
		55F1050E2ADADA9000979F90 /* RnMUniverse */ = {
			isa = PBXNativeTarget;
			buildConfigurationList = 55F105392ADADA9200979F90 /* Build configuration list for PBXNativeTarget "RnMUniverse" */;
			buildPhases = (
				6F05EEC8FE3A1F10590D97AA /* [CP] Check Pods Manifest.lock */,
				55F1050B2ADADA9000979F90 /* Sources */,
				55F1050C2ADADA9000979F90 /* Frameworks */,
				55F1050D2ADADA9000979F90 /* Resources */,
				982ACC3C2553884A33B8DA8E /* [CP] Copy Pods Resources */,
			);
			buildRules = (
			);
			dependencies = (
			);
			name = RnMUniverse;
			packageProductDependencies = (
			);
			productName = RnMUniverse;
			productReference = 55F1050F2ADADA9000979F90 /* RnMUniverse.app */;
			productType = "com.apple.product-type.application";
		};
		55F105242ADADA9100979F90 /* RnMUniverseTests */ = {
			isa = PBXNativeTarget;
			buildConfigurationList = 55F1053C2ADADA9200979F90 /* Build configuration list for PBXNativeTarget "RnMUniverseTests" */;
			buildPhases = (
				2687FBF476077E2B2A0F1FC7 /* [CP] Check Pods Manifest.lock */,
				55F105212ADADA9100979F90 /* Sources */,
				55F105222ADADA9100979F90 /* Frameworks */,
				55F105232ADADA9100979F90 /* Resources */,
			);
			buildRules = (
			);
			dependencies = (
				55F105272ADADA9100979F90 /* PBXTargetDependency */,
			);
			name = RnMUniverseTests;
			productName = RnMUniverseTests;
			productReference = 55F105252ADADA9100979F90 /* RnMUniverseTests.xctest */;
			productType = "com.apple.product-type.bundle.unit-test";
		};
		55F1052E2ADADA9100979F90 /* RnMUniverseUITests */ = {
			isa = PBXNativeTarget;
			buildConfigurationList = 55F1053F2ADADA9200979F90 /* Build configuration list for PBXNativeTarget "RnMUniverseUITests" */;
			buildPhases = (
				55F1052B2ADADA9100979F90 /* Sources */,
				55F1052C2ADADA9100979F90 /* Frameworks */,
				55F1052D2ADADA9100979F90 /* Resources */,
			);
			buildRules = (
			);
			dependencies = (
				55F105312ADADA9100979F90 /* PBXTargetDependency */,
			);
			name = RnMUniverseUITests;
			productName = RnMUniverseUITests;
			productReference = 55F1052F2ADADA9100979F90 /* RnMUniverseUITests.xctest */;
			productType = "com.apple.product-type.bundle.ui-testing";
		};
/* End PBXNativeTarget section */

/* Begin PBXProject section */
		55F105072ADADA9000979F90 /* Project object */ = {
			isa = PBXProject;
			attributes = {
				BuildIndependentTargetsInParallel = 1;
				LastSwiftUpdateCheck = 1500;
				LastUpgradeCheck = 1500;
				TargetAttributes = {
					55F1050E2ADADA9000979F90 = {
						CreatedOnToolsVersion = 15.0;
					};
					55F105242ADADA9100979F90 = {
						CreatedOnToolsVersion = 15.0;
						TestTargetID = 55F1050E2ADADA9000979F90;
					};
					55F1052E2ADADA9100979F90 = {
						CreatedOnToolsVersion = 15.0;
						TestTargetID = 55F1050E2ADADA9000979F90;
					};
				};
			};
			buildConfigurationList = 55F1050A2ADADA9000979F90 /* Build configuration list for PBXProject "RnMUniverse" */;
			compatibilityVersion = "Xcode 14.0";
			developmentRegion = en;
			hasScannedForEncodings = 0;
			knownRegions = (
				en,
				Base,
				"pt-BR",
			);
			mainGroup = 55F105062ADADA9000979F90;
			packageReferences = (
			);
			productRefGroup = 55F105102ADADA9000979F90 /* Products */;
			projectDirPath = "";
			projectRoot = "";
			targets = (
				55F1050E2ADADA9000979F90 /* RnMUniverse */,
				55F105242ADADA9100979F90 /* RnMUniverseTests */,
				55F1052E2ADADA9100979F90 /* RnMUniverseUITests */,
			);
		};
/* End PBXProject section */

/* Begin PBXResourcesBuildPhase section */
		55F1050D2ADADA9000979F90 /* Resources */ = {
			isa = PBXResourcesBuildPhase;
			buildActionMask = 2147483647;
			files = (
				55B770DE2ADB396C008907B9 /* CharacterCollectionItemCell.xib in Resources */,
				553661802ADEE7E2004912D8 /* Localizable.xcstrings in Resources */,
				556EDDAD2ADD8DEB0005DC16 /* CharacterHeaderItemCell.xib in Resources */,
				55DCF8172ADD440300A3251D /* Colors.xcassets in Resources */,
				55F1051C2ADADA9100979F90 /* Assets.xcassets in Resources */,
			);
			runOnlyForDeploymentPostprocessing = 0;
		};
		55F105232ADADA9100979F90 /* Resources */ = {
			isa = PBXResourcesBuildPhase;
			buildActionMask = 2147483647;
			files = (
			);
			runOnlyForDeploymentPostprocessing = 0;
		};
		55F1052D2ADADA9100979F90 /* Resources */ = {
			isa = PBXResourcesBuildPhase;
			buildActionMask = 2147483647;
			files = (
			);
			runOnlyForDeploymentPostprocessing = 0;
		};
/* End PBXResourcesBuildPhase section */

/* Begin PBXShellScriptBuildPhase section */
		2687FBF476077E2B2A0F1FC7 /* [CP] Check Pods Manifest.lock */ = {
			isa = PBXShellScriptBuildPhase;
			buildActionMask = 2147483647;
			files = (
			);
			inputFileListPaths = (
			);
			inputPaths = (
				"${PODS_PODFILE_DIR_PATH}/Podfile.lock",
				"${PODS_ROOT}/Manifest.lock",
			);
			name = "[CP] Check Pods Manifest.lock";
			outputFileListPaths = (
			);
			outputPaths = (
				"$(DERIVED_FILE_DIR)/Pods-RnMUniverseTests-checkManifestLockResult.txt",
			);
			runOnlyForDeploymentPostprocessing = 0;
			shellPath = /bin/sh;
			shellScript = "diff \"${PODS_PODFILE_DIR_PATH}/Podfile.lock\" \"${PODS_ROOT}/Manifest.lock\" > /dev/null\nif [ $? != 0 ] ; then\n    # print error to STDERR\n    echo \"error: The sandbox is not in sync with the Podfile.lock. Run 'pod install' or update your CocoaPods installation.\" >&2\n    exit 1\nfi\n# This output is used by Xcode 'outputs' to avoid re-running this script phase.\necho \"SUCCESS\" > \"${SCRIPT_OUTPUT_FILE_0}\"\n";
			showEnvVarsInLog = 0;
		};
		6F05EEC8FE3A1F10590D97AA /* [CP] Check Pods Manifest.lock */ = {
			isa = PBXShellScriptBuildPhase;
			buildActionMask = 2147483647;
			files = (
			);
			inputFileListPaths = (
			);
			inputPaths = (
				"${PODS_PODFILE_DIR_PATH}/Podfile.lock",
				"${PODS_ROOT}/Manifest.lock",
			);
			name = "[CP] Check Pods Manifest.lock";
			outputFileListPaths = (
			);
			outputPaths = (
				"$(DERIVED_FILE_DIR)/Pods-RnMUniverse-checkManifestLockResult.txt",
			);
			runOnlyForDeploymentPostprocessing = 0;
			shellPath = /bin/sh;
			shellScript = "diff \"${PODS_PODFILE_DIR_PATH}/Podfile.lock\" \"${PODS_ROOT}/Manifest.lock\" > /dev/null\nif [ $? != 0 ] ; then\n    # print error to STDERR\n    echo \"error: The sandbox is not in sync with the Podfile.lock. Run 'pod install' or update your CocoaPods installation.\" >&2\n    exit 1\nfi\n# This output is used by Xcode 'outputs' to avoid re-running this script phase.\necho \"SUCCESS\" > \"${SCRIPT_OUTPUT_FILE_0}\"\n";
			showEnvVarsInLog = 0;
		};
		982ACC3C2553884A33B8DA8E /* [CP] Copy Pods Resources */ = {
			isa = PBXShellScriptBuildPhase;
			buildActionMask = 2147483647;
			files = (
			);
			inputFileListPaths = (
				"${PODS_ROOT}/Target Support Files/Pods-RnMUniverse/Pods-RnMUniverse-resources-${CONFIGURATION}-input-files.xcfilelist",
			);
			name = "[CP] Copy Pods Resources";
			outputFileListPaths = (
				"${PODS_ROOT}/Target Support Files/Pods-RnMUniverse/Pods-RnMUniverse-resources-${CONFIGURATION}-output-files.xcfilelist",
			);
			runOnlyForDeploymentPostprocessing = 0;
			shellPath = /bin/sh;
			shellScript = "\"${PODS_ROOT}/Target Support Files/Pods-RnMUniverse/Pods-RnMUniverse-resources.sh\"\n";
			showEnvVarsInLog = 0;
		};
/* End PBXShellScriptBuildPhase section */

/* Begin PBXSourcesBuildPhase section */
		55F1050B2ADADA9000979F90 /* Sources */ = {
			isa = PBXSourcesBuildPhase;
			buildActionMask = 2147483647;
			files = (
				556EDDA42ADD4E9C0005DC16 /* CharacterViewController.swift in Sources */,
				55BDEDA02ADE07FF00705EEE /* UIView+Loader.swift in Sources */,
				556EDD9C2ADD4B130005DC16 /* BaseNavigationHelper.swift in Sources */,
				55DCF8152ADC99E300A3251D /* UIImage+Resources.swift in Sources */,
				55F105622ADAED7C00979F90 /* Character.swift in Sources */,
				55F105172ADADA9000979F90 /* CharactersViewController.swift in Sources */,
				55DCF8132ADC99B100A3251D /* UIImageView+LoadUrl.swift in Sources */,
				55F1055E2ADAED5900979F90 /* Location.swift in Sources */,
				556EDDAB2ADD8DE00005DC16 /* CharacterHeaderItemCell.swift in Sources */,
				55F105512ADAE47100979F90 /* Request.swift in Sources */,
				556EDD9E2ADD4B3E0005DC16 /* NavigationHelper.swift in Sources */,
				55F105702ADB05B800979F90 /* CharacterServerDataSource.swift in Sources */,
				55F105572ADAE94A00979F90 /* CharactersResponse.swift in Sources */,
				55F105532ADAE51900979F90 /* Method.swift in Sources */,
				55F105722ADB19F800979F90 /* Data+Support.swift in Sources */,
				55DCF80F2ADC37C200A3251D /* CharactersViewModel.swift in Sources */,
				55F105132ADADA9000979F90 /* AppDelegate.swift in Sources */,
				55F105762ADB1A7800979F90 /* NetworkError.swift in Sources */,
				556EDDA22ADD4D1B0005DC16 /* UIViewController+NavigationHelper.swift in Sources */,
				55F105742ADB1A2400979F90 /* DateFormatter+Standards.swift in Sources */,
				55F105692ADAF44300979F90 /* CharacterRequest.swift in Sources */,
				5539D1602ADB40A600339C72 /* UIView+Support.swift in Sources */,
				55F1054F2ADAE46800979F90 /* Client.swift in Sources */,
				5539D15E2ADB3F4B00339C72 /* StyleSheet.swift in Sources */,
				556EDDA62ADD4ED90005DC16 /* CharacterViewModel.swift in Sources */,
				55F105552ADAE82800979F90 /* CharacterDataSource.swift in Sources */,
				556EDDA02ADD4B730005DC16 /* CharactersNavigationHelper.swift in Sources */,
				55F1056C2ADB012700979F90 /* NetworkManager.swift in Sources */,
				55F1055C2ADAED4900979F90 /* CharacterStatus.swift in Sources */,
				55F1056E2ADB058F00979F90 /* DataSource.swift in Sources */,
				55F105782ADB25E500979F90 /* ErrorResponse.swift in Sources */,
				55B770DC2ADB391D008907B9 /* CharacterCollectionItemCell.swift in Sources */,
				55F105672ADAF08600979F90 /* ServerClient.swift in Sources */,
				55DCF8112ADC497C00A3251D /* BaseViewModel.swift in Sources */,
				55F1055A2ADAED3100979F90 /* CharacterGender.swift in Sources */,
				556EDDA92ADD8DDA0005DC16 /* CharacterHeaderItem.swift in Sources */,
				55F105152ADADA9000979F90 /* SceneDelegate.swift in Sources */,
				55F105602ADAED6E00979F90 /* Origin.swift in Sources */,
				55BDEDA42ADE154A00705EEE /* UIViewController+Loader.swift in Sources */,
				55F105642ADAED8F00979F90 /* Info.swift in Sources */,
				55B770DA2ADB3912008907B9 /* CharacterCollectionItem.swift in Sources */,
				5595CAF82ADF3EC700FD337B /* String+Localizable.swift in Sources */,
			);
			runOnlyForDeploymentPostprocessing = 0;
		};
		55F105212ADADA9100979F90 /* Sources */ = {
			isa = PBXSourcesBuildPhase;
			buildActionMask = 2147483647;
			files = (
				55F1052A2ADADA9100979F90 /* RnMUniverseTests.swift in Sources */,
			);
			runOnlyForDeploymentPostprocessing = 0;
		};
		55F1052B2ADADA9100979F90 /* Sources */ = {
			isa = PBXSourcesBuildPhase;
			buildActionMask = 2147483647;
			files = (
				55F105342ADADA9100979F90 /* RnMUniverseUITests.swift in Sources */,
				55F105362ADADA9100979F90 /* RnMUniverseUITestsLaunchTests.swift in Sources */,
			);
			runOnlyForDeploymentPostprocessing = 0;
		};
/* End PBXSourcesBuildPhase section */

/* Begin PBXTargetDependency section */
		55F105272ADADA9100979F90 /* PBXTargetDependency */ = {
			isa = PBXTargetDependency;
			target = 55F1050E2ADADA9000979F90 /* RnMUniverse */;
			targetProxy = 55F105262ADADA9100979F90 /* PBXContainerItemProxy */;
		};
		55F105312ADADA9100979F90 /* PBXTargetDependency */ = {
			isa = PBXTargetDependency;
			target = 55F1050E2ADADA9000979F90 /* RnMUniverse */;
			targetProxy = 55F105302ADADA9100979F90 /* PBXContainerItemProxy */;
		};
/* End PBXTargetDependency section */

/* Begin XCBuildConfiguration section */
		55F105372ADADA9200979F90 /* Debug */ = {
			isa = XCBuildConfiguration;
			buildSettings = {
				ALWAYS_SEARCH_USER_PATHS = NO;
				ASSETCATALOG_COMPILER_GENERATE_SWIFT_ASSET_SYMBOL_EXTENSIONS = YES;
				CLANG_ANALYZER_NONNULL = YES;
				CLANG_ANALYZER_NUMBER_OBJECT_CONVERSION = YES_AGGRESSIVE;
				CLANG_CXX_LANGUAGE_STANDARD = "gnu++20";
				CLANG_ENABLE_MODULES = YES;
				CLANG_ENABLE_OBJC_ARC = YES;
				CLANG_ENABLE_OBJC_WEAK = YES;
				CLANG_WARN_BLOCK_CAPTURE_AUTORELEASING = YES;
				CLANG_WARN_BOOL_CONVERSION = YES;
				CLANG_WARN_COMMA = YES;
				CLANG_WARN_CONSTANT_CONVERSION = YES;
				CLANG_WARN_DEPRECATED_OBJC_IMPLEMENTATIONS = YES;
				CLANG_WARN_DIRECT_OBJC_ISA_USAGE = YES_ERROR;
				CLANG_WARN_DOCUMENTATION_COMMENTS = YES;
				CLANG_WARN_EMPTY_BODY = YES;
				CLANG_WARN_ENUM_CONVERSION = YES;
				CLANG_WARN_INFINITE_RECURSION = YES;
				CLANG_WARN_INT_CONVERSION = YES;
				CLANG_WARN_NON_LITERAL_NULL_CONVERSION = YES;
				CLANG_WARN_OBJC_IMPLICIT_RETAIN_SELF = YES;
				CLANG_WARN_OBJC_LITERAL_CONVERSION = YES;
				CLANG_WARN_OBJC_ROOT_CLASS = YES_ERROR;
				CLANG_WARN_QUOTED_INCLUDE_IN_FRAMEWORK_HEADER = YES;
				CLANG_WARN_RANGE_LOOP_ANALYSIS = YES;
				CLANG_WARN_STRICT_PROTOTYPES = YES;
				CLANG_WARN_SUSPICIOUS_MOVE = YES;
				CLANG_WARN_UNGUARDED_AVAILABILITY = YES_AGGRESSIVE;
				CLANG_WARN_UNREACHABLE_CODE = YES;
				CLANG_WARN__DUPLICATE_METHOD_MATCH = YES;
				COPY_PHASE_STRIP = NO;
				DEBUG_INFORMATION_FORMAT = dwarf;
				ENABLE_STRICT_OBJC_MSGSEND = YES;
				ENABLE_TESTABILITY = YES;
				ENABLE_USER_SCRIPT_SANDBOXING = NO;
				GCC_C_LANGUAGE_STANDARD = gnu17;
				GCC_DYNAMIC_NO_PIC = NO;
				GCC_NO_COMMON_BLOCKS = YES;
				GCC_OPTIMIZATION_LEVEL = 0;
				GCC_PREPROCESSOR_DEFINITIONS = (
					"DEBUG=1",
					"$(inherited)",
				);
				GCC_WARN_64_TO_32_BIT_CONVERSION = YES;
				GCC_WARN_ABOUT_RETURN_TYPE = YES_ERROR;
				GCC_WARN_UNDECLARED_SELECTOR = YES;
				GCC_WARN_UNINITIALIZED_AUTOS = YES_AGGRESSIVE;
				GCC_WARN_UNUSED_FUNCTION = YES;
				GCC_WARN_UNUSED_VARIABLE = YES;
				IPHONEOS_DEPLOYMENT_TARGET = 13.0;
				LOCALIZATION_PREFERS_STRING_CATALOGS = YES;
				MTL_ENABLE_DEBUG_INFO = INCLUDE_SOURCE;
				MTL_FAST_MATH = YES;
				ONLY_ACTIVE_ARCH = YES;
				SDKROOT = iphoneos;
				SWIFT_ACTIVE_COMPILATION_CONDITIONS = "DEBUG $(inherited)";
				SWIFT_OPTIMIZATION_LEVEL = "-Onone";
			};
			name = Debug;
		};
		55F105382ADADA9200979F90 /* Release */ = {
			isa = XCBuildConfiguration;
			buildSettings = {
				ALWAYS_SEARCH_USER_PATHS = NO;
				ASSETCATALOG_COMPILER_GENERATE_SWIFT_ASSET_SYMBOL_EXTENSIONS = YES;
				CLANG_ANALYZER_NONNULL = YES;
				CLANG_ANALYZER_NUMBER_OBJECT_CONVERSION = YES_AGGRESSIVE;
				CLANG_CXX_LANGUAGE_STANDARD = "gnu++20";
				CLANG_ENABLE_MODULES = YES;
				CLANG_ENABLE_OBJC_ARC = YES;
				CLANG_ENABLE_OBJC_WEAK = YES;
				CLANG_WARN_BLOCK_CAPTURE_AUTORELEASING = YES;
				CLANG_WARN_BOOL_CONVERSION = YES;
				CLANG_WARN_COMMA = YES;
				CLANG_WARN_CONSTANT_CONVERSION = YES;
				CLANG_WARN_DEPRECATED_OBJC_IMPLEMENTATIONS = YES;
				CLANG_WARN_DIRECT_OBJC_ISA_USAGE = YES_ERROR;
				CLANG_WARN_DOCUMENTATION_COMMENTS = YES;
				CLANG_WARN_EMPTY_BODY = YES;
				CLANG_WARN_ENUM_CONVERSION = YES;
				CLANG_WARN_INFINITE_RECURSION = YES;
				CLANG_WARN_INT_CONVERSION = YES;
				CLANG_WARN_NON_LITERAL_NULL_CONVERSION = YES;
				CLANG_WARN_OBJC_IMPLICIT_RETAIN_SELF = YES;
				CLANG_WARN_OBJC_LITERAL_CONVERSION = YES;
				CLANG_WARN_OBJC_ROOT_CLASS = YES_ERROR;
				CLANG_WARN_QUOTED_INCLUDE_IN_FRAMEWORK_HEADER = YES;
				CLANG_WARN_RANGE_LOOP_ANALYSIS = YES;
				CLANG_WARN_STRICT_PROTOTYPES = YES;
				CLANG_WARN_SUSPICIOUS_MOVE = YES;
				CLANG_WARN_UNGUARDED_AVAILABILITY = YES_AGGRESSIVE;
				CLANG_WARN_UNREACHABLE_CODE = YES;
				CLANG_WARN__DUPLICATE_METHOD_MATCH = YES;
				COPY_PHASE_STRIP = NO;
				DEBUG_INFORMATION_FORMAT = "dwarf-with-dsym";
				ENABLE_NS_ASSERTIONS = NO;
				ENABLE_STRICT_OBJC_MSGSEND = YES;
				ENABLE_USER_SCRIPT_SANDBOXING = NO;
				GCC_C_LANGUAGE_STANDARD = gnu17;
				GCC_NO_COMMON_BLOCKS = YES;
				GCC_WARN_64_TO_32_BIT_CONVERSION = YES;
				GCC_WARN_ABOUT_RETURN_TYPE = YES_ERROR;
				GCC_WARN_UNDECLARED_SELECTOR = YES;
				GCC_WARN_UNINITIALIZED_AUTOS = YES_AGGRESSIVE;
				GCC_WARN_UNUSED_FUNCTION = YES;
				GCC_WARN_UNUSED_VARIABLE = YES;
				IPHONEOS_DEPLOYMENT_TARGET = 13.0;
				LOCALIZATION_PREFERS_STRING_CATALOGS = YES;
				MTL_ENABLE_DEBUG_INFO = NO;
				MTL_FAST_MATH = YES;
				SDKROOT = iphoneos;
				SWIFT_COMPILATION_MODE = wholemodule;
				VALIDATE_PRODUCT = YES;
			};
			name = Release;
		};
		55F1053A2ADADA9200979F90 /* Debug */ = {
			isa = XCBuildConfiguration;
			baseConfigurationReference = 92B90F3232B2A7183E8A9255 /* Pods-RnMUniverse.debug.xcconfig */;
			buildSettings = {
				ASSETCATALOG_COMPILER_APPICON_NAME = AppIcon;
				ASSETCATALOG_COMPILER_GLOBAL_ACCENT_COLOR_NAME = AccentColor;
				CODE_SIGN_STYLE = Automatic;
				CURRENT_PROJECT_VERSION = 1;
				DEVELOPMENT_TEAM = SWAKFB6A2G;
				GENERATE_INFOPLIST_FILE = YES;
				INFOPLIST_FILE = RnMUniverse/SupportingFiles/Info.plist;
				INFOPLIST_KEY_CFBundleDisplayName = "RNM Universe";
				INFOPLIST_KEY_UIApplicationSupportsIndirectInputEvents = YES;
				INFOPLIST_KEY_UILaunchStoryboardName = "";
				INFOPLIST_KEY_UISupportedInterfaceOrientations_iPad = "UIInterfaceOrientationPortrait UIInterfaceOrientationPortraitUpsideDown UIInterfaceOrientationLandscapeLeft UIInterfaceOrientationLandscapeRight";
				INFOPLIST_KEY_UISupportedInterfaceOrientations_iPhone = "UIInterfaceOrientationPortrait UIInterfaceOrientationLandscapeLeft UIInterfaceOrientationLandscapeRight";
				IPHONEOS_DEPLOYMENT_TARGET = 13.0;
				LD_RUNPATH_SEARCH_PATHS = (
					"$(inherited)",
					"@executable_path/Frameworks",
				);
				MARKETING_VERSION = 1.0;
				PRODUCT_BUNDLE_IDENTIFIER = br.com.frizeiro.RnMUniverse;
				PRODUCT_NAME = "$(TARGET_NAME)";
				SWIFT_EMIT_LOC_STRINGS = YES;
				SWIFT_VERSION = 5.0;
				TARGETED_DEVICE_FAMILY = "1,2";
			};
			name = Debug;
		};
		55F1053B2ADADA9200979F90 /* Release */ = {
			isa = XCBuildConfiguration;
			baseConfigurationReference = C36C385744925B9F2638AAD4 /* Pods-RnMUniverse.release.xcconfig */;
			buildSettings = {
				ASSETCATALOG_COMPILER_APPICON_NAME = AppIcon;
				ASSETCATALOG_COMPILER_GLOBAL_ACCENT_COLOR_NAME = AccentColor;
				CODE_SIGN_STYLE = Automatic;
				CURRENT_PROJECT_VERSION = 1;
				DEVELOPMENT_TEAM = SWAKFB6A2G;
				GENERATE_INFOPLIST_FILE = YES;
				INFOPLIST_FILE = RnMUniverse/SupportingFiles/Info.plist;
				INFOPLIST_KEY_CFBundleDisplayName = "RNM Universe";
				INFOPLIST_KEY_UIApplicationSupportsIndirectInputEvents = YES;
				INFOPLIST_KEY_UILaunchStoryboardName = "";
				INFOPLIST_KEY_UISupportedInterfaceOrientations_iPad = "UIInterfaceOrientationPortrait UIInterfaceOrientationPortraitUpsideDown UIInterfaceOrientationLandscapeLeft UIInterfaceOrientationLandscapeRight";
				INFOPLIST_KEY_UISupportedInterfaceOrientations_iPhone = "UIInterfaceOrientationPortrait UIInterfaceOrientationLandscapeLeft UIInterfaceOrientationLandscapeRight";
				IPHONEOS_DEPLOYMENT_TARGET = 13.0;
				LD_RUNPATH_SEARCH_PATHS = (
					"$(inherited)",
					"@executable_path/Frameworks",
				);
				MARKETING_VERSION = 1.0;
				PRODUCT_BUNDLE_IDENTIFIER = br.com.frizeiro.RnMUniverse;
				PRODUCT_NAME = "$(TARGET_NAME)";
				SWIFT_EMIT_LOC_STRINGS = YES;
				SWIFT_VERSION = 5.0;
				TARGETED_DEVICE_FAMILY = "1,2";
			};
			name = Release;
		};
		55F1053D2ADADA9200979F90 /* Debug */ = {
			isa = XCBuildConfiguration;
			baseConfigurationReference = 107E53013870D15C81E764C0 /* Pods-RnMUniverseTests.debug.xcconfig */;
			buildSettings = {
				ALWAYS_EMBED_SWIFT_STANDARD_LIBRARIES = YES;
				BUNDLE_LOADER = "$(TEST_HOST)";
				CODE_SIGN_STYLE = Automatic;
				CURRENT_PROJECT_VERSION = 1;
				GENERATE_INFOPLIST_FILE = YES;
				IPHONEOS_DEPLOYMENT_TARGET = 13.0;
				MARKETING_VERSION = 1.0;
				PRODUCT_BUNDLE_IDENTIFIER = br.com.frizeiro.RnMUniverseTests;
				PRODUCT_NAME = "$(TARGET_NAME)";
				SWIFT_EMIT_LOC_STRINGS = NO;
				SWIFT_VERSION = 5.0;
				TARGETED_DEVICE_FAMILY = "1,2";
				TEST_HOST = "$(BUILT_PRODUCTS_DIR)/RnMUniverse.app/$(BUNDLE_EXECUTABLE_FOLDER_PATH)/RnMUniverse";
			};
			name = Debug;
		};
		55F1053E2ADADA9200979F90 /* Release */ = {
			isa = XCBuildConfiguration;
			baseConfigurationReference = E481288E4E8CE98766D0743A /* Pods-RnMUniverseTests.release.xcconfig */;
			buildSettings = {
				ALWAYS_EMBED_SWIFT_STANDARD_LIBRARIES = YES;
				BUNDLE_LOADER = "$(TEST_HOST)";
				CODE_SIGN_STYLE = Automatic;
				CURRENT_PROJECT_VERSION = 1;
				GENERATE_INFOPLIST_FILE = YES;
				IPHONEOS_DEPLOYMENT_TARGET = 13.0;
				MARKETING_VERSION = 1.0;
				PRODUCT_BUNDLE_IDENTIFIER = br.com.frizeiro.RnMUniverseTests;
				PRODUCT_NAME = "$(TARGET_NAME)";
				SWIFT_EMIT_LOC_STRINGS = NO;
				SWIFT_VERSION = 5.0;
				TARGETED_DEVICE_FAMILY = "1,2";
				TEST_HOST = "$(BUILT_PRODUCTS_DIR)/RnMUniverse.app/$(BUNDLE_EXECUTABLE_FOLDER_PATH)/RnMUniverse";
			};
			name = Release;
		};
		55F105402ADADA9200979F90 /* Debug */ = {
			isa = XCBuildConfiguration;
			buildSettings = {
				ALWAYS_EMBED_SWIFT_STANDARD_LIBRARIES = YES;
				CODE_SIGN_STYLE = Automatic;
				CURRENT_PROJECT_VERSION = 1;
				GENERATE_INFOPLIST_FILE = YES;
				IPHONEOS_DEPLOYMENT_TARGET = 13.0;
				MARKETING_VERSION = 1.0;
				PRODUCT_BUNDLE_IDENTIFIER = br.com.frizeiro.RnMUniverseUITests;
				PRODUCT_NAME = "$(TARGET_NAME)";
				SWIFT_EMIT_LOC_STRINGS = NO;
				SWIFT_VERSION = 5.0;
				TARGETED_DEVICE_FAMILY = "1,2";
				TEST_TARGET_NAME = RnMUniverse;
			};
			name = Debug;
		};
		55F105412ADADA9200979F90 /* Release */ = {
			isa = XCBuildConfiguration;
			buildSettings = {
				ALWAYS_EMBED_SWIFT_STANDARD_LIBRARIES = YES;
				CODE_SIGN_STYLE = Automatic;
				CURRENT_PROJECT_VERSION = 1;
				GENERATE_INFOPLIST_FILE = YES;
				IPHONEOS_DEPLOYMENT_TARGET = 13.0;
				MARKETING_VERSION = 1.0;
				PRODUCT_BUNDLE_IDENTIFIER = br.com.frizeiro.RnMUniverseUITests;
				PRODUCT_NAME = "$(TARGET_NAME)";
				SWIFT_EMIT_LOC_STRINGS = NO;
				SWIFT_VERSION = 5.0;
				TARGETED_DEVICE_FAMILY = "1,2";
				TEST_TARGET_NAME = RnMUniverse;
			};
			name = Release;
		};
/* End XCBuildConfiguration section */

/* Begin XCConfigurationList section */
		55F1050A2ADADA9000979F90 /* Build configuration list for PBXProject "RnMUniverse" */ = {
			isa = XCConfigurationList;
			buildConfigurations = (
				55F105372ADADA9200979F90 /* Debug */,
				55F105382ADADA9200979F90 /* Release */,
			);
			defaultConfigurationIsVisible = 0;
			defaultConfigurationName = Release;
		};
		55F105392ADADA9200979F90 /* Build configuration list for PBXNativeTarget "RnMUniverse" */ = {
			isa = XCConfigurationList;
			buildConfigurations = (
				55F1053A2ADADA9200979F90 /* Debug */,
				55F1053B2ADADA9200979F90 /* Release */,
			);
			defaultConfigurationIsVisible = 0;
			defaultConfigurationName = Release;
		};
		55F1053C2ADADA9200979F90 /* Build configuration list for PBXNativeTarget "RnMUniverseTests" */ = {
			isa = XCConfigurationList;
			buildConfigurations = (
				55F1053D2ADADA9200979F90 /* Debug */,
				55F1053E2ADADA9200979F90 /* Release */,
			);
			defaultConfigurationIsVisible = 0;
			defaultConfigurationName = Release;
		};
		55F1053F2ADADA9200979F90 /* Build configuration list for PBXNativeTarget "RnMUniverseUITests" */ = {
			isa = XCConfigurationList;
			buildConfigurations = (
				55F105402ADADA9200979F90 /* Debug */,
				55F105412ADADA9200979F90 /* Release */,
			);
			defaultConfigurationIsVisible = 0;
			defaultConfigurationName = Release;
		};
/* End XCConfigurationList section */
	};
	rootObject = 55F105072ADADA9000979F90 /* Project object */;
}
